// !$*UTF8*$!
{
	archiveVersion = 1;
	classes = {
	};
	objectVersion = 52;
	objects = {

/* Begin PBXBuildFile section */
		12F5627AC569C7D5E5534052 /* TuistBundle+PolzzakUIKitDemoApp.swift in Sources */ = {isa = PBXBuildFile; fileRef = 887B03E95AF4F89AF3AFAB1D /* TuistBundle+PolzzakUIKitDemoApp.swift */; };
		140B670BEC70F93D9A8C72FE /* PolzzakUIKit.framework in Frameworks */ = {isa = PBXBuildFile; fileRef = 0761533A907A40E127CE4A60 /* PolzzakUIKit.framework */; platformFilter = ios; };
		305394A3AF04F0B0748D834A /* PolzzakUIKit.framework in Embed Frameworks */ = {isa = PBXBuildFile; fileRef = 0761533A907A40E127CE4A60 /* PolzzakUIKit.framework */; platformFilter = ios; settings = {ATTRIBUTES = (CodeSignOnCopy, RemoveHeadersOnCopy, ); }; };
		31BEA0D853CCBEBF2F4D3DC0 /* ViewController.swift in Sources */ = {isa = PBXBuildFile; fileRef = 7F87188A1A3F68CCF956DE1F /* ViewController.swift */; };
		4A804E36AD7867EC3CCE9458 /* Nimble in Frameworks */ = {isa = PBXBuildFile; productRef = 3A3B2FAC6144728CEE5CDA2C /* Nimble */; };
		505F1749E313B1FD1CE15765 /* SnapKit in Frameworks */ = {isa = PBXBuildFile; productRef = 7A6080E7BD8F1B3714A8A28A /* SnapKit */; };
		50A61A8278414ED8C316999D /* SharedResources.framework in Embed Frameworks */ = {isa = PBXBuildFile; fileRef = 9F627B6027179AF44D10090D /* SharedResources.framework */; platformFilter = ios; settings = {ATTRIBUTES = (CodeSignOnCopy, RemoveHeadersOnCopy, ); }; };
		5C7042D70D66E581974ACCDB /* AppDelegate.swift in Sources */ = {isa = PBXBuildFile; fileRef = 25977446913037E3CF676DCF /* AppDelegate.swift */; };
		6AEE736CA6067000851D4596 /* PolzzakUIKitDemoAppUITests.swift in Sources */ = {isa = PBXBuildFile; fileRef = 33E683EE42EE1012D879BDBB /* PolzzakUIKitDemoAppUITests.swift */; };
		750E02EF81B237E47007E858 /* MessageView.swift in Sources */ = {isa = PBXBuildFile; fileRef = 2B896D739B0C7C25BC6616AF /* MessageView.swift */; };
		7A56F53143C6D3ED7FE16B60 /* Extension.framework in Frameworks */ = {isa = PBXBuildFile; fileRef = 923F737F8F0C0FDC2D3B4068 /* Extension.framework */; platformFilter = ios; };
		7BD57FAC7EB9A140C5AD444E /* Nimble in Frameworks */ = {isa = PBXBuildFile; productRef = 18A10022C2BB697DD330BA0B /* Nimble */; };
		8E3871278E5E62389EA0E7A1 /* FamilyStatus.swift in Sources */ = {isa = PBXBuildFile; fileRef = BDC74B7E9C1B4A7D8AEDA507 /* FamilyStatus.swift */; };
		91E16C03307B545C98018AD7 /* LaunchScreen.storyboard in Resources */ = {isa = PBXBuildFile; fileRef = D63380F13AB59C147B18DDD6 /* LaunchScreen.storyboard */; };
		9C8A07245E71C7009A241957 /* Extension.framework in Embed Frameworks */ = {isa = PBXBuildFile; fileRef = 923F737F8F0C0FDC2D3B4068 /* Extension.framework */; platformFilter = ios; settings = {ATTRIBUTES = (CodeSignOnCopy, RemoveHeadersOnCopy, ); }; };
		9C8AEC577A3F58007A4B4554 /* SceneDelegate.swift in Sources */ = {isa = PBXBuildFile; fileRef = 26ECB296CF2DE3AC5D98CDD3 /* SceneDelegate.swift */; };
		AB5C75649A66992EAA752AB3 /* MemberType.swift in Sources */ = {isa = PBXBuildFile; fileRef = 99FCBC9FB07E8AF357B636CD /* MemberType.swift */; };
		B6B23DB3ABA55E7C1000B84D /* PolzzakUIKitTests.swift in Sources */ = {isa = PBXBuildFile; fileRef = 1C15C5C9BBFDAE9511F23D9C /* PolzzakUIKitTests.swift */; };
		BE69F7C551FA951C4E831F35 /* PolzzakUIKit.framework in Frameworks */ = {isa = PBXBuildFile; fileRef = 0761533A907A40E127CE4A60 /* PolzzakUIKit.framework */; platformFilter = ios; };
		D1D85EE0AB9FFA7ED17EB2CC /* SharedResources.framework in Frameworks */ = {isa = PBXBuildFile; fileRef = 9F627B6027179AF44D10090D /* SharedResources.framework */; platformFilter = ios; };
		E391843F7E642E5B26D03034 /* NotLinkCell.swift in Sources */ = {isa = PBXBuildFile; fileRef = 94EF0A6CC8502F3360EE6CBE /* NotLinkCell.swift */; };
		F671B594E74688E00577D1F6 /* EmptyView.swift in Sources */ = {isa = PBXBuildFile; fileRef = B03C673ECF34F9AD55F54ABD /* EmptyView.swift */; };
		F764FF7E9D08B9673310CF00 /* FamilyMember.swift in Sources */ = {isa = PBXBuildFile; fileRef = C5754636853E0FAF0BE6D6EB /* FamilyMember.swift */; };
		F79DCC628A390873D38C76D7 /* MemberTypeLabel.swift in Sources */ = {isa = PBXBuildFile; fileRef = 7A6EC41BD93735E860CFA097 /* MemberTypeLabel.swift */; };
		FD412949531E87DCD6DFA4FE /* PaddedLabel .swift in Sources */ = {isa = PBXBuildFile; fileRef = AC9E5DA66971B62E50D472C1 /* PaddedLabel .swift */; };
/* End PBXBuildFile section */

/* Begin PBXContainerItemProxy section */
		4EF8A27929FC8E93E72BCF33 /* PBXContainerItemProxy */ = {
			isa = PBXContainerItemProxy;
			containerPortal = 687B9F8FD0E77C180D3298D0 /* Project object */;
			proxyType = 1;
			remoteGlobalIDString = 804BF04E59C96347ECF2AEF4;
			remoteInfo = PolzzakUIKit;
		};
		97125732D76DB1548E7A8A0C /* PBXContainerItemProxy */ = {
			isa = PBXContainerItemProxy;
			containerPortal = 687B9F8FD0E77C180D3298D0 /* Project object */;
			proxyType = 1;
			remoteGlobalIDString = 5BD7F2867782829C4F921899;
			remoteInfo = PolzzakUIKitDemoApp;
		};
		B3898FDD0904649849D2AC86 /* PBXContainerItemProxy */ = {
			isa = PBXContainerItemProxy;
			containerPortal = 687B9F8FD0E77C180D3298D0 /* Project object */;
			proxyType = 1;
			remoteGlobalIDString = 804BF04E59C96347ECF2AEF4;
			remoteInfo = PolzzakUIKit;
		};
/* End PBXContainerItemProxy section */

/* Begin PBXCopyFilesBuildPhase section */
		0720DE525690A2B340DFB61C /* Embed Frameworks */ = {
			isa = PBXCopyFilesBuildPhase;
			buildActionMask = 2147483647;
			dstPath = "";
			dstSubfolderSpec = 10;
			files = (
			);
			name = "Embed Frameworks";
			runOnlyForDeploymentPostprocessing = 0;
		};
		31A90BD2B7FFE47E00819E4E /* Embed Frameworks */ = {
			isa = PBXCopyFilesBuildPhase;
			buildActionMask = 2147483647;
			dstPath = "";
			dstSubfolderSpec = 10;
			files = (
			);
			name = "Embed Frameworks";
			runOnlyForDeploymentPostprocessing = 0;
		};
		3CFDC6575C375D85400702EA /* Embed Frameworks */ = {
			isa = PBXCopyFilesBuildPhase;
			buildActionMask = 2147483647;
			dstPath = "";
			dstSubfolderSpec = 10;
			files = (
				9C8A07245E71C7009A241957 /* Extension.framework in Embed Frameworks */,
				305394A3AF04F0B0748D834A /* PolzzakUIKit.framework in Embed Frameworks */,
				50A61A8278414ED8C316999D /* SharedResources.framework in Embed Frameworks */,
			);
			name = "Embed Frameworks";
			runOnlyForDeploymentPostprocessing = 0;
		};
		DABE7F0F96E68E8EF65142FD /* Embed Frameworks */ = {
			isa = PBXCopyFilesBuildPhase;
			buildActionMask = 2147483647;
			dstPath = "";
			dstSubfolderSpec = 10;
			files = (
			);
			name = "Embed Frameworks";
			runOnlyForDeploymentPostprocessing = 0;
		};
/* End PBXCopyFilesBuildPhase section */

/* Begin PBXFileReference section */
		0565B76B8DED06DC8E0223B0 /* PolzzakUIKitDemoAppUITests.xctest */ = {isa = PBXFileReference; explicitFileType = wrapper.cfbundle; includeInIndex = 0; path = PolzzakUIKitDemoAppUITests.xctest; sourceTree = BUILT_PRODUCTS_DIR; };
		0761533A907A40E127CE4A60 /* PolzzakUIKit.framework */ = {isa = PBXFileReference; explicitFileType = wrapper.framework; includeInIndex = 0; path = PolzzakUIKit.framework; sourceTree = BUILT_PRODUCTS_DIR; };
		1C15C5C9BBFDAE9511F23D9C /* PolzzakUIKitTests.swift */ = {isa = PBXFileReference; lastKnownFileType = sourcecode.swift; path = PolzzakUIKitTests.swift; sourceTree = "<group>"; };
		1E782A9830B64CA03CD20F9A /* PolzzakUIKitTests.xctest */ = {isa = PBXFileReference; explicitFileType = wrapper.cfbundle; includeInIndex = 0; path = PolzzakUIKitTests.xctest; sourceTree = BUILT_PRODUCTS_DIR; };
		25977446913037E3CF676DCF /* AppDelegate.swift */ = {isa = PBXFileReference; lastKnownFileType = sourcecode.swift; path = AppDelegate.swift; sourceTree = "<group>"; };
		26ECB296CF2DE3AC5D98CDD3 /* SceneDelegate.swift */ = {isa = PBXFileReference; lastKnownFileType = sourcecode.swift; path = SceneDelegate.swift; sourceTree = "<group>"; };
		2B896D739B0C7C25BC6616AF /* MessageView.swift */ = {isa = PBXFileReference; lastKnownFileType = sourcecode.swift; path = MessageView.swift; sourceTree = "<group>"; };
		33E683EE42EE1012D879BDBB /* PolzzakUIKitDemoAppUITests.swift */ = {isa = PBXFileReference; lastKnownFileType = sourcecode.swift; path = PolzzakUIKitDemoAppUITests.swift; sourceTree = "<group>"; };
		5504B5904FC1E1052DAFAD13 /* PolzzakUIKitDemoAppUITests-Info.plist */ = {isa = PBXFileReference; lastKnownFileType = text.plist; path = "PolzzakUIKitDemoAppUITests-Info.plist"; sourceTree = "<group>"; };
		7A6EC41BD93735E860CFA097 /* MemberTypeLabel.swift */ = {isa = PBXFileReference; lastKnownFileType = sourcecode.swift; path = MemberTypeLabel.swift; sourceTree = "<group>"; };
		7F87188A1A3F68CCF956DE1F /* ViewController.swift */ = {isa = PBXFileReference; lastKnownFileType = sourcecode.swift; path = ViewController.swift; sourceTree = "<group>"; };
		887B03E95AF4F89AF3AFAB1D /* TuistBundle+PolzzakUIKitDemoApp.swift */ = {isa = PBXFileReference; lastKnownFileType = sourcecode.swift; path = "TuistBundle+PolzzakUIKitDemoApp.swift"; sourceTree = "<group>"; };
		923F737F8F0C0FDC2D3B4068 /* Extension.framework */ = {isa = PBXFileReference; explicitFileType = wrapper.framework; includeInIndex = 0; path = Extension.framework; sourceTree = BUILT_PRODUCTS_DIR; };
		94EF0A6CC8502F3360EE6CBE /* NotLinkCell.swift */ = {isa = PBXFileReference; lastKnownFileType = sourcecode.swift; path = NotLinkCell.swift; sourceTree = "<group>"; };
		99FCBC9FB07E8AF357B636CD /* MemberType.swift */ = {isa = PBXFileReference; lastKnownFileType = sourcecode.swift; path = MemberType.swift; sourceTree = "<group>"; };
		9F627B6027179AF44D10090D /* SharedResources.framework */ = {isa = PBXFileReference; explicitFileType = wrapper.framework; includeInIndex = 0; path = SharedResources.framework; sourceTree = BUILT_PRODUCTS_DIR; };
		AC9E5DA66971B62E50D472C1 /* PaddedLabel .swift */ = {isa = PBXFileReference; lastKnownFileType = sourcecode.swift; path = "PaddedLabel .swift"; sourceTree = "<group>"; };
		B03C673ECF34F9AD55F54ABD /* EmptyView.swift */ = {isa = PBXFileReference; lastKnownFileType = sourcecode.swift; path = EmptyView.swift; sourceTree = "<group>"; };
		BDC74B7E9C1B4A7D8AEDA507 /* FamilyStatus.swift */ = {isa = PBXFileReference; lastKnownFileType = sourcecode.swift; path = FamilyStatus.swift; sourceTree = "<group>"; };
		C5754636853E0FAF0BE6D6EB /* FamilyMember.swift */ = {isa = PBXFileReference; lastKnownFileType = sourcecode.swift; path = FamilyMember.swift; sourceTree = "<group>"; };
		C9F47F6F64970428A9B00FD0 /* PolzzakUIKitTests-Info.plist */ = {isa = PBXFileReference; lastKnownFileType = text.plist; path = "PolzzakUIKitTests-Info.plist"; sourceTree = "<group>"; };
		CB80B9BB9466390CB160CA70 /* PolzzakUIKitDemoApp.app */ = {isa = PBXFileReference; explicitFileType = wrapper.application; includeInIndex = 0; path = PolzzakUIKitDemoApp.app; sourceTree = BUILT_PRODUCTS_DIR; };
		D63380F13AB59C147B18DDD6 /* LaunchScreen.storyboard */ = {isa = PBXFileReference; lastKnownFileType = file.storyboard; path = LaunchScreen.storyboard; sourceTree = "<group>"; };
		F8CFD006E2C8606AD623D90B /* Info.plist */ = {isa = PBXFileReference; lastKnownFileType = text.plist; path = Info.plist; sourceTree = "<group>"; };
		F9CC6325D18F76C210C28FE2 /* PolzzakUIKit-Info.plist */ = {isa = PBXFileReference; lastKnownFileType = text.plist; path = "PolzzakUIKit-Info.plist"; sourceTree = "<group>"; };
/* End PBXFileReference section */

/* Begin PBXFrameworksBuildPhase section */
		1184986DD2A461957C23CD25 /* Frameworks */ = {
			isa = PBXFrameworksBuildPhase;
			buildActionMask = 2147483647;
			files = (
				140B670BEC70F93D9A8C72FE /* PolzzakUIKit.framework in Frameworks */,
			);
			runOnlyForDeploymentPostprocessing = 0;
		};
		2E6B4D86A1A09F03C47ADD9F /* Frameworks */ = {
			isa = PBXFrameworksBuildPhase;
			buildActionMask = 2147483647;
			files = (
				7BD57FAC7EB9A140C5AD444E /* Nimble in Frameworks */,
			);
			runOnlyForDeploymentPostprocessing = 0;
		};
		903866C2BA50A73CC93A6C07 /* Frameworks */ = {
			isa = PBXFrameworksBuildPhase;
			buildActionMask = 2147483647;
			files = (
				BE69F7C551FA951C4E831F35 /* PolzzakUIKit.framework in Frameworks */,
				4A804E36AD7867EC3CCE9458 /* Nimble in Frameworks */,
			);
			runOnlyForDeploymentPostprocessing = 0;
		};
		B9C552E9FED6CF099DE921EE /* Frameworks */ = {
			isa = PBXFrameworksBuildPhase;
			buildActionMask = 2147483647;
			files = (
				7A56F53143C6D3ED7FE16B60 /* Extension.framework in Frameworks */,
				D1D85EE0AB9FFA7ED17EB2CC /* SharedResources.framework in Frameworks */,
				505F1749E313B1FD1CE15765 /* SnapKit in Frameworks */,
			);
			runOnlyForDeploymentPostprocessing = 0;
		};
/* End PBXFrameworksBuildPhase section */

/* Begin PBXGroup section */
		19E8FC07D2D22E3C1D95D169 /* Type */ = {
			isa = PBXGroup;
			children = (
				C5754636853E0FAF0BE6D6EB /* FamilyMember.swift */,
				BDC74B7E9C1B4A7D8AEDA507 /* FamilyStatus.swift */,
				99FCBC9FB07E8AF357B636CD /* MemberType.swift */,
			);
			path = Type;
			sourceTree = "<group>";
		};
		301C722AB514C7AF1CC8466D /* Config */ = {
			isa = PBXGroup;
			children = (
				F8CFD006E2C8606AD623D90B /* Info.plist */,
			);
			path = Config;
			sourceTree = "<group>";
		};
		3FA78CC71BD32235E91021DC /* DemoAppResources */ = {
			isa = PBXGroup;
			children = (
				D63380F13AB59C147B18DDD6 /* LaunchScreen.storyboard */,
			);
			path = DemoAppResources;
			sourceTree = "<group>";
		};
		42460C64605A3EEF9D42C8A3 /* Sources */ = {
			isa = PBXGroup;
			children = (
				887B03E95AF4F89AF3AFAB1D /* TuistBundle+PolzzakUIKitDemoApp.swift */,
			);
			path = Sources;
			sourceTree = "<group>";
		};
		4255BB5F88CA3DBA69F4470F /* Tests */ = {
			isa = PBXGroup;
			children = (
				1C15C5C9BBFDAE9511F23D9C /* PolzzakUIKitTests.swift */,
			);
			path = Tests;
			sourceTree = "<group>";
		};
		78FCB496838123DC07FE71B4 /* Products */ = {
			isa = PBXGroup;
			children = (
				923F737F8F0C0FDC2D3B4068 /* Extension.framework */,
				0761533A907A40E127CE4A60 /* PolzzakUIKit.framework */,
				CB80B9BB9466390CB160CA70 /* PolzzakUIKitDemoApp.app */,
				0565B76B8DED06DC8E0223B0 /* PolzzakUIKitDemoAppUITests.xctest */,
				1E782A9830B64CA03CD20F9A /* PolzzakUIKitTests.xctest */,
				9F627B6027179AF44D10090D /* SharedResources.framework */,
			);
			name = Products;
			sourceTree = "<group>";
		};
		8F9E587F804FD27AE2BF5043 /* DemoAppSources */ = {
			isa = PBXGroup;
			children = (
				25977446913037E3CF676DCF /* AppDelegate.swift */,
				26ECB296CF2DE3AC5D98CDD3 /* SceneDelegate.swift */,
				7F87188A1A3F68CCF956DE1F /* ViewController.swift */,
			);
			path = DemoAppSources;
			sourceTree = "<group>";
		};
		9711B44D5C4369E6B1D68F45 /* UIView */ = {
			isa = PBXGroup;
			children = (
				B03C673ECF34F9AD55F54ABD /* EmptyView.swift */,
				2B896D739B0C7C25BC6616AF /* MessageView.swift */,
			);
			path = UIView;
			sourceTree = "<group>";
		};
		9B787D8EA5B911BE7E1DC069 = {
			isa = PBXGroup;
			children = (
				C2031B8D0D980E2209D01F16 /* Project */,
				BC79C5B071838594B05E81D8 /* Frameworks */,
				78FCB496838123DC07FE71B4 /* Products */,
			);
			sourceTree = "<group>";
		};
		A880C2E7DE7D23DA30ABD492 /* InfoPlists */ = {
			isa = PBXGroup;
			children = (
				F9CC6325D18F76C210C28FE2 /* PolzzakUIKit-Info.plist */,
				5504B5904FC1E1052DAFAD13 /* PolzzakUIKitDemoAppUITests-Info.plist */,
				C9F47F6F64970428A9B00FD0 /* PolzzakUIKitTests-Info.plist */,
			);
			path = InfoPlists;
			sourceTree = "<group>";
		};
		A9FFF5098D05DCFE954E0AA7 /* UILabel */ = {
			isa = PBXGroup;
			children = (
				7A6EC41BD93735E860CFA097 /* MemberTypeLabel.swift */,
				AC9E5DA66971B62E50D472C1 /* PaddedLabel .swift */,
			);
			path = UILabel;
			sourceTree = "<group>";
		};
		AB36A58ED57735B69185CE9A /* DemoAppUITests */ = {
			isa = PBXGroup;
			children = (
				33E683EE42EE1012D879BDBB /* PolzzakUIKitDemoAppUITests.swift */,
			);
			path = DemoAppUITests;
			sourceTree = "<group>";
		};
		AF6E94C019040678B6530A28 /* DemoApp */ = {
			isa = PBXGroup;
			children = (
				3FA78CC71BD32235E91021DC /* DemoAppResources */,
				8F9E587F804FD27AE2BF5043 /* DemoAppSources */,
				AB36A58ED57735B69185CE9A /* DemoAppUITests */,
			);
			path = DemoApp;
			sourceTree = "<group>";
		};
		BC79C5B071838594B05E81D8 /* Frameworks */ = {
			isa = PBXGroup;
			children = (
			);
			name = Frameworks;
			sourceTree = "<group>";
		};
		C2031B8D0D980E2209D01F16 /* Project */ = {
			isa = PBXGroup;
			children = (
				301C722AB514C7AF1CC8466D /* Config */,
				AF6E94C019040678B6530A28 /* DemoApp */,
				E601FAE3F7DC438D8237049F /* Derived */,
				F4B18CB8F008FE18AC843367 /* Sources */,
				4255BB5F88CA3DBA69F4470F /* Tests */,
			);
			name = Project;
			sourceTree = "<group>";
		};
		E601FAE3F7DC438D8237049F /* Derived */ = {
			isa = PBXGroup;
			children = (
				A880C2E7DE7D23DA30ABD492 /* InfoPlists */,
				42460C64605A3EEF9D42C8A3 /* Sources */,
			);
			path = Derived;
			sourceTree = "<group>";
		};
		F4B18CB8F008FE18AC843367 /* Sources */ = {
			isa = PBXGroup;
			children = (
				19E8FC07D2D22E3C1D95D169 /* Type */,
				A9FFF5098D05DCFE954E0AA7 /* UILabel */,
				9711B44D5C4369E6B1D68F45 /* UIView */,
				94EF0A6CC8502F3360EE6CBE /* NotLinkCell.swift */,
			);
			path = Sources;
			sourceTree = "<group>";
		};
/* End PBXGroup section */

/* Begin PBXNativeTarget section */
		1BBD31BFCF8B4CBB9B7B3E13 /* PolzzakUIKitDemoAppUITests */ = {
			isa = PBXNativeTarget;
			buildConfigurationList = B67281509E17B81E3C420F05 /* Build configuration list for PBXNativeTarget "PolzzakUIKitDemoAppUITests" */;
			buildPhases = (
				9C3BE02A21B7F81BF1B2D9F1 /* Sources */,
				6EF1B73DE5C52505059E8350 /* Resources */,
				DABE7F0F96E68E8EF65142FD /* Embed Frameworks */,
				2E6B4D86A1A09F03C47ADD9F /* Frameworks */,
			);
			buildRules = (
			);
			dependencies = (
				62BCECB5205912ED55EAC9E1 /* PBXTargetDependency */,
			);
			name = PolzzakUIKitDemoAppUITests;
			packageProductDependencies = (
				18A10022C2BB697DD330BA0B /* Nimble */,
			);
			productName = PolzzakUIKitDemoAppUITests;
			productReference = 0565B76B8DED06DC8E0223B0 /* PolzzakUIKitDemoAppUITests.xctest */;
			productType = "com.apple.product-type.bundle.ui-testing";
		};
		5BD7F2867782829C4F921899 /* PolzzakUIKitDemoApp */ = {
			isa = PBXNativeTarget;
			buildConfigurationList = 829A185F69C27F6C4C6ED970 /* Build configuration list for PBXNativeTarget "PolzzakUIKitDemoApp" */;
			buildPhases = (
				69B6B468505CD5F7665CA1CA /* Sources */,
				12040117D8B1FD01C16FD829 /* Resources */,
				3CFDC6575C375D85400702EA /* Embed Frameworks */,
				1184986DD2A461957C23CD25 /* Frameworks */,
			);
			buildRules = (
			);
			dependencies = (
				6F965DF3E39477C9B82BEF10 /* PBXTargetDependency */,
			);
			name = PolzzakUIKitDemoApp;
			productName = PolzzakUIKitDemoApp;
			productReference = CB80B9BB9466390CB160CA70 /* PolzzakUIKitDemoApp.app */;
			productType = "com.apple.product-type.application";
		};
		804BF04E59C96347ECF2AEF4 /* PolzzakUIKit */ = {
			isa = PBXNativeTarget;
			buildConfigurationList = E8A68EA2CFEAB29FEB9AEA15 /* Build configuration list for PBXNativeTarget "PolzzakUIKit" */;
			buildPhases = (
				FB3C60608AFF68166A0DC0CA /* Sources */,
				BD3DC143E8F56596FD4D79AA /* Resources */,
				31A90BD2B7FFE47E00819E4E /* Embed Frameworks */,
				B9C552E9FED6CF099DE921EE /* Frameworks */,
			);
			buildRules = (
			);
			dependencies = (
			);
			name = PolzzakUIKit;
			packageProductDependencies = (
				7A6080E7BD8F1B3714A8A28A /* SnapKit */,
			);
			productName = PolzzakUIKit;
			productReference = 0761533A907A40E127CE4A60 /* PolzzakUIKit.framework */;
			productType = "com.apple.product-type.framework";
		};
		C31F2EE4F5F0ACE1C1A850A4 /* PolzzakUIKitTests */ = {
			isa = PBXNativeTarget;
			buildConfigurationList = 37E27379AE83AAE9038E17FD /* Build configuration list for PBXNativeTarget "PolzzakUIKitTests" */;
			buildPhases = (
				990559E0FD6ECD1E3D6FDA6F /* Sources */,
				B020C2011CE117E4DD5DD9A6 /* Resources */,
				0720DE525690A2B340DFB61C /* Embed Frameworks */,
				903866C2BA50A73CC93A6C07 /* Frameworks */,
			);
			buildRules = (
			);
			dependencies = (
				57F4E4E0E03A15FC9D12B3BF /* PBXTargetDependency */,
			);
			name = PolzzakUIKitTests;
			packageProductDependencies = (
				3A3B2FAC6144728CEE5CDA2C /* Nimble */,
			);
			productName = PolzzakUIKitTests;
			productReference = 1E782A9830B64CA03CD20F9A /* PolzzakUIKitTests.xctest */;
			productType = "com.apple.product-type.bundle.unit-test";
		};
/* End PBXNativeTarget section */

/* Begin PBXProject section */
		687B9F8FD0E77C180D3298D0 /* Project object */ = {
			isa = PBXProject;
			attributes = {
				TargetAttributes = {
					1BBD31BFCF8B4CBB9B7B3E13 = {
						TestTargetID = 5BD7F2867782829C4F921899;
					};
				};
			};
			buildConfigurationList = 9FC78235DC10F2BF3C008D04 /* Build configuration list for PBXProject "PolzzakUIKit" */;
			compatibilityVersion = "Xcode 13.0";
			developmentRegion = en;
			hasScannedForEncodings = 0;
			knownRegions = (
				Base,
				en,
			);
			mainGroup = 9B787D8EA5B911BE7E1DC069;
			packageReferences = (
				5F121DA46357D8FB4FEEC6A0 /* XCRemoteSwiftPackageReference "Nimble" */,
				349C33C758DB0B82CA4D97FD /* XCRemoteSwiftPackageReference "SnapKit" */,
			);
			productRefGroup = 78FCB496838123DC07FE71B4 /* Products */;
			projectDirPath = "";
			projectRoot = "";
			targets = (
				804BF04E59C96347ECF2AEF4 /* PolzzakUIKit */,
				C31F2EE4F5F0ACE1C1A850A4 /* PolzzakUIKitTests */,
				5BD7F2867782829C4F921899 /* PolzzakUIKitDemoApp */,
				1BBD31BFCF8B4CBB9B7B3E13 /* PolzzakUIKitDemoAppUITests */,
			);
		};
/* End PBXProject section */

/* Begin PBXResourcesBuildPhase section */
		12040117D8B1FD01C16FD829 /* Resources */ = {
			isa = PBXResourcesBuildPhase;
			buildActionMask = 2147483647;
			files = (
				91E16C03307B545C98018AD7 /* LaunchScreen.storyboard in Resources */,
			);
			runOnlyForDeploymentPostprocessing = 0;
		};
		6EF1B73DE5C52505059E8350 /* Resources */ = {
			isa = PBXResourcesBuildPhase;
			buildActionMask = 2147483647;
			files = (
			);
			runOnlyForDeploymentPostprocessing = 0;
		};
		B020C2011CE117E4DD5DD9A6 /* Resources */ = {
			isa = PBXResourcesBuildPhase;
			buildActionMask = 2147483647;
			files = (
			);
			runOnlyForDeploymentPostprocessing = 0;
		};
		BD3DC143E8F56596FD4D79AA /* Resources */ = {
			isa = PBXResourcesBuildPhase;
			buildActionMask = 2147483647;
			files = (
			);
			runOnlyForDeploymentPostprocessing = 0;
		};
/* End PBXResourcesBuildPhase section */

/* Begin PBXSourcesBuildPhase section */
		69B6B468505CD5F7665CA1CA /* Sources */ = {
			isa = PBXSourcesBuildPhase;
			buildActionMask = 2147483647;
			files = (
				5C7042D70D66E581974ACCDB /* AppDelegate.swift in Sources */,
				9C8AEC577A3F58007A4B4554 /* SceneDelegate.swift in Sources */,
				31BEA0D853CCBEBF2F4D3DC0 /* ViewController.swift in Sources */,
				12F5627AC569C7D5E5534052 /* TuistBundle+PolzzakUIKitDemoApp.swift in Sources */,
			);
			runOnlyForDeploymentPostprocessing = 0;
		};
		990559E0FD6ECD1E3D6FDA6F /* Sources */ = {
			isa = PBXSourcesBuildPhase;
			buildActionMask = 2147483647;
			files = (
				B6B23DB3ABA55E7C1000B84D /* PolzzakUIKitTests.swift in Sources */,
			);
			runOnlyForDeploymentPostprocessing = 0;
		};
		9C3BE02A21B7F81BF1B2D9F1 /* Sources */ = {
			isa = PBXSourcesBuildPhase;
			buildActionMask = 2147483647;
			files = (
				6AEE736CA6067000851D4596 /* PolzzakUIKitDemoAppUITests.swift in Sources */,
			);
			runOnlyForDeploymentPostprocessing = 0;
		};
		FB3C60608AFF68166A0DC0CA /* Sources */ = {
			isa = PBXSourcesBuildPhase;
			buildActionMask = 2147483647;
			files = (
				E391843F7E642E5B26D03034 /* NotLinkCell.swift in Sources */,
				F764FF7E9D08B9673310CF00 /* FamilyMember.swift in Sources */,
				8E3871278E5E62389EA0E7A1 /* FamilyStatus.swift in Sources */,
				AB5C75649A66992EAA752AB3 /* MemberType.swift in Sources */,
				F79DCC628A390873D38C76D7 /* MemberTypeLabel.swift in Sources */,
				FD412949531E87DCD6DFA4FE /* PaddedLabel .swift in Sources */,
				F671B594E74688E00577D1F6 /* EmptyView.swift in Sources */,
				750E02EF81B237E47007E858 /* MessageView.swift in Sources */,
			);
			runOnlyForDeploymentPostprocessing = 0;
		};
/* End PBXSourcesBuildPhase section */

/* Begin PBXTargetDependency section */
		57F4E4E0E03A15FC9D12B3BF /* PBXTargetDependency */ = {
			isa = PBXTargetDependency;
			name = PolzzakUIKit;
			target = 804BF04E59C96347ECF2AEF4 /* PolzzakUIKit */;
			targetProxy = 4EF8A27929FC8E93E72BCF33 /* PBXContainerItemProxy */;
		};
		62BCECB5205912ED55EAC9E1 /* PBXTargetDependency */ = {
			isa = PBXTargetDependency;
			name = PolzzakUIKitDemoApp;
			target = 5BD7F2867782829C4F921899 /* PolzzakUIKitDemoApp */;
			targetProxy = 97125732D76DB1548E7A8A0C /* PBXContainerItemProxy */;
		};
		6F965DF3E39477C9B82BEF10 /* PBXTargetDependency */ = {
			isa = PBXTargetDependency;
			name = PolzzakUIKit;
			target = 804BF04E59C96347ECF2AEF4 /* PolzzakUIKit */;
			targetProxy = B3898FDD0904649849D2AC86 /* PBXContainerItemProxy */;
		};
/* End PBXTargetDependency section */

/* Begin XCBuildConfiguration section */
		16F60E65810AFE5286961EC6 /* Release */ = {
			isa = XCBuildConfiguration;
			buildSettings = {
				CODE_SIGN_IDENTITY = "iPhone Developer";
				INFOPLIST_FILE = "Derived/InfoPlists/PolzzakUIKitDemoAppUITests-Info.plist";
				IPHONEOS_DEPLOYMENT_TARGET = 15.0;
				LD_RUNPATH_SEARCH_PATHS = (
					"$(inherited)",
					"@executable_path/Frameworks",
					"@loader_path/Frameworks",
				);
				PRODUCT_BUNDLE_IDENTIFIER = polzzak.demo.PolzzakUIKitDemoApp.UITests;
				PRODUCT_NAME = PolzzakUIKitDemoAppUITests;
				SDKROOT = iphoneos;
				SUPPORTS_MACCATALYST = NO;
				SWIFT_COMPILATION_MODE = wholemodule;
				SWIFT_OPTIMIZATION_LEVEL = "-Owholemodule";
				SWIFT_VERSION = 5.0;
				TARGETED_DEVICE_FAMILY = 1;
				TEST_TARGET_NAME = PolzzakUIKitDemoApp;
			};
			name = Release;
		};
		32C06B857299366B312B7147 /* Debug */ = {
			isa = XCBuildConfiguration;
			buildSettings = {
				ALWAYS_SEARCH_USER_PATHS = NO;
				CLANG_ANALYZER_LOCALIZABILITY_NONLOCALIZED = YES;
				CLANG_ANALYZER_NONNULL = YES;
				CLANG_ANALYZER_NUMBER_OBJECT_CONVERSION = YES_AGGRESSIVE;
				CLANG_CXX_LANGUAGE_STANDARD = "gnu++14";
				CLANG_CXX_LIBRARY = "libc++";
				CLANG_ENABLE_MODULES = YES;
				CLANG_ENABLE_OBJC_ARC = YES;
				CLANG_ENABLE_OBJC_WEAK = YES;
				CLANG_WARN_BLOCK_CAPTURE_AUTORELEASING = YES;
				CLANG_WARN_BOOL_CONVERSION = YES;
				CLANG_WARN_COMMA = YES;
				CLANG_WARN_CONSTANT_CONVERSION = YES;
				CLANG_WARN_DEPRECATED_OBJC_IMPLEMENTATIONS = YES;
				CLANG_WARN_DIRECT_OBJC_ISA_USAGE = YES_ERROR;
				CLANG_WARN_DOCUMENTATION_COMMENTS = YES;
				CLANG_WARN_EMPTY_BODY = YES;
				CLANG_WARN_ENUM_CONVERSION = YES;
				CLANG_WARN_INFINITE_RECURSION = YES;
				CLANG_WARN_INT_CONVERSION = YES;
				CLANG_WARN_NON_LITERAL_NULL_CONVERSION = YES;
				CLANG_WARN_OBJC_IMPLICIT_RETAIN_SELF = YES;
				CLANG_WARN_OBJC_LITERAL_CONVERSION = YES;
				CLANG_WARN_OBJC_ROOT_CLASS = YES_ERROR;
				CLANG_WARN_QUOTED_INCLUDE_IN_FRAMEWORK_HEADER = YES;
				CLANG_WARN_RANGE_LOOP_ANALYSIS = YES;
				CLANG_WARN_STRICT_PROTOTYPES = YES;
				CLANG_WARN_SUSPICIOUS_MOVE = YES;
				CLANG_WARN_UNGUARDED_AVAILABILITY = YES_AGGRESSIVE;
				CLANG_WARN_UNREACHABLE_CODE = YES;
				CLANG_WARN__DUPLICATE_METHOD_MATCH = YES;
				COPY_PHASE_STRIP = NO;
				DEAD_CODE_STRIPPING = YES;
				DEBUG_INFORMATION_FORMAT = dwarf;
				ENABLE_STRICT_OBJC_MSGSEND = YES;
				ENABLE_TESTABILITY = YES;
				GCC_C_LANGUAGE_STANDARD = gnu11;
				GCC_DYNAMIC_NO_PIC = NO;
				GCC_NO_COMMON_BLOCKS = YES;
				GCC_OPTIMIZATION_LEVEL = 0;
				GCC_PREPROCESSOR_DEFINITIONS = (
					"DEBUG=1",
					"$(inherited)",
				);
				GCC_WARN_64_TO_32_BIT_CONVERSION = YES;
				GCC_WARN_ABOUT_RETURN_TYPE = YES_ERROR;
				GCC_WARN_UNDECLARED_SELECTOR = YES;
				GCC_WARN_UNINITIALIZED_AUTOS = YES_AGGRESSIVE;
				GCC_WARN_UNUSED_FUNCTION = YES;
				GCC_WARN_UNUSED_VARIABLE = YES;
				MTL_ENABLE_DEBUG_INFO = YES;
				ONLY_ACTIVE_ARCH = YES;
				PRODUCT_NAME = "$(TARGET_NAME)";
			};
			name = Debug;
		};
		40169DBB77800A9C126B9658 /* Debug */ = {
			isa = XCBuildConfiguration;
			buildSettings = {
				ASSETCATALOG_COMPILER_APPICON_NAME = AppIcon;
				CODE_SIGN_IDENTITY = "iPhone Developer";
				ENABLE_PREVIEWS = YES;
				INFOPLIST_FILE = Config/Info.plist;
				IPHONEOS_DEPLOYMENT_TARGET = 15.0;
				LD_RUNPATH_SEARCH_PATHS = (
					"$(inherited)",
					"@executable_path/Frameworks",
				);
				PRODUCT_BUNDLE_IDENTIFIER = polzzak.demo.PolzzakUIKitDemoApp;
				PRODUCT_NAME = PolzzakUIKitDemoApp;
				SDKROOT = iphoneos;
				SUPPORTS_MACCATALYST = NO;
				SWIFT_ACTIVE_COMPILATION_CONDITIONS = DEBUG;
				SWIFT_COMPILATION_MODE = singlefile;
				SWIFT_OPTIMIZATION_LEVEL = "-Onone";
				SWIFT_VERSION = 5.0;
				TARGETED_DEVICE_FAMILY = 1;
			};
			name = Debug;
		};
		4DD3D996C2BB925E7B4F1D1C /* Release */ = {
			isa = XCBuildConfiguration;
			buildSettings = {
				CODE_SIGN_IDENTITY = "";
				CURRENT_PROJECT_VERSION = 1;
				DEFINES_MODULE = YES;
				DYLIB_COMPATIBILITY_VERSION = 1;
				DYLIB_CURRENT_VERSION = 1;
				DYLIB_INSTALL_NAME_BASE = "@rpath";
				INFOPLIST_FILE = "Derived/InfoPlists/PolzzakUIKit-Info.plist";
				INSTALL_PATH = "$(LOCAL_LIBRARY_DIR)/Frameworks";
				IPHONEOS_DEPLOYMENT_TARGET = 15.0;
				LD_RUNPATH_SEARCH_PATHS = (
					"$(inherited)",
					"@executable_path/Frameworks",
					"@loader_path/Frameworks",
				);
				PRODUCT_BUNDLE_IDENTIFIER = polzzak.module.PolzzakUIKit;
				PRODUCT_NAME = PolzzakUIKit;
				SDKROOT = iphoneos;
				SKIP_INSTALL = YES;
				SUPPORTS_MACCATALYST = NO;
				SWIFT_COMPILATION_MODE = wholemodule;
				SWIFT_OPTIMIZATION_LEVEL = "-Owholemodule";
				SWIFT_VERSION = 5.0;
				TARGETED_DEVICE_FAMILY = 1;
				VERSIONING_SYSTEM = "apple-generic";
				VERSION_INFO_PREFIX = "";
			};
			name = Release;
		};
		563AAC2F4E03E8EC4B938AD0 /* Debug */ = {
			isa = XCBuildConfiguration;
			buildSettings = {
				CODE_SIGN_IDENTITY = "iPhone Developer";
				INFOPLIST_FILE = "Derived/InfoPlists/PolzzakUIKitTests-Info.plist";
				IPHONEOS_DEPLOYMENT_TARGET = 15.0;
				LD_RUNPATH_SEARCH_PATHS = (
					"$(inherited)",
					"@executable_path/Frameworks",
					"@loader_path/Frameworks",
				);
				PRODUCT_BUNDLE_IDENTIFIER = polzzak.module.PolzzakUIKitTests;
				PRODUCT_NAME = PolzzakUIKitTests;
				SDKROOT = iphoneos;
				SUPPORTS_MACCATALYST = NO;
				SWIFT_ACTIVE_COMPILATION_CONDITIONS = DEBUG;
				SWIFT_COMPILATION_MODE = singlefile;
				SWIFT_OPTIMIZATION_LEVEL = "-Onone";
				SWIFT_VERSION = 5.0;
				TARGETED_DEVICE_FAMILY = 1;
			};
			name = Debug;
		};
		873EFE7BE21DB107564FA1B3 /* Release */ = {
			isa = XCBuildConfiguration;
			buildSettings = {
				ALWAYS_SEARCH_USER_PATHS = NO;
				CLANG_ANALYZER_LOCALIZABILITY_NONLOCALIZED = YES;
				CLANG_ANALYZER_NONNULL = YES;
				CLANG_ANALYZER_NUMBER_OBJECT_CONVERSION = YES_AGGRESSIVE;
				CLANG_CXX_LANGUAGE_STANDARD = "gnu++14";
				CLANG_CXX_LIBRARY = "libc++";
				CLANG_ENABLE_MODULES = YES;
				CLANG_ENABLE_OBJC_ARC = YES;
				CLANG_ENABLE_OBJC_WEAK = YES;
				CLANG_WARN_BLOCK_CAPTURE_AUTORELEASING = YES;
				CLANG_WARN_BOOL_CONVERSION = YES;
				CLANG_WARN_COMMA = YES;
				CLANG_WARN_CONSTANT_CONVERSION = YES;
				CLANG_WARN_DEPRECATED_OBJC_IMPLEMENTATIONS = YES;
				CLANG_WARN_DIRECT_OBJC_ISA_USAGE = YES_ERROR;
				CLANG_WARN_DOCUMENTATION_COMMENTS = YES;
				CLANG_WARN_EMPTY_BODY = YES;
				CLANG_WARN_ENUM_CONVERSION = YES;
				CLANG_WARN_INFINITE_RECURSION = YES;
				CLANG_WARN_INT_CONVERSION = YES;
				CLANG_WARN_NON_LITERAL_NULL_CONVERSION = YES;
				CLANG_WARN_OBJC_IMPLICIT_RETAIN_SELF = YES;
				CLANG_WARN_OBJC_LITERAL_CONVERSION = YES;
				CLANG_WARN_OBJC_ROOT_CLASS = YES_ERROR;
				CLANG_WARN_QUOTED_INCLUDE_IN_FRAMEWORK_HEADER = YES;
				CLANG_WARN_RANGE_LOOP_ANALYSIS = YES;
				CLANG_WARN_STRICT_PROTOTYPES = YES;
				CLANG_WARN_SUSPICIOUS_MOVE = YES;
				CLANG_WARN_UNGUARDED_AVAILABILITY = YES_AGGRESSIVE;
				CLANG_WARN_UNREACHABLE_CODE = YES;
				CLANG_WARN__DUPLICATE_METHOD_MATCH = YES;
				COPY_PHASE_STRIP = NO;
				DEAD_CODE_STRIPPING = YES;
				DEBUG_INFORMATION_FORMAT = "dwarf-with-dsym";
				ENABLE_NS_ASSERTIONS = NO;
				ENABLE_STRICT_OBJC_MSGSEND = YES;
				GCC_C_LANGUAGE_STANDARD = gnu11;
				GCC_NO_COMMON_BLOCKS = YES;
				GCC_WARN_64_TO_32_BIT_CONVERSION = YES;
				GCC_WARN_ABOUT_RETURN_TYPE = YES_ERROR;
				GCC_WARN_UNDECLARED_SELECTOR = YES;
				GCC_WARN_UNINITIALIZED_AUTOS = YES_AGGRESSIVE;
				GCC_WARN_UNUSED_FUNCTION = YES;
				GCC_WARN_UNUSED_VARIABLE = YES;
				MTL_ENABLE_DEBUG_INFO = NO;
				PRODUCT_NAME = "$(TARGET_NAME)";
				VALIDATE_PRODUCT = YES;
			};
			name = Release;
		};
		CC32BB1102055718A65FF552 /* Release */ = {
			isa = XCBuildConfiguration;
			buildSettings = {
				ASSETCATALOG_COMPILER_APPICON_NAME = AppIcon;
				CODE_SIGN_IDENTITY = "iPhone Developer";
				ENABLE_PREVIEWS = YES;
				INFOPLIST_FILE = Config/Info.plist;
				IPHONEOS_DEPLOYMENT_TARGET = 15.0;
				LD_RUNPATH_SEARCH_PATHS = (
					"$(inherited)",
					"@executable_path/Frameworks",
				);
				PRODUCT_BUNDLE_IDENTIFIER = polzzak.demo.PolzzakUIKitDemoApp;
				PRODUCT_NAME = PolzzakUIKitDemoApp;
				SDKROOT = iphoneos;
				SUPPORTS_MACCATALYST = NO;
				SWIFT_COMPILATION_MODE = wholemodule;
				SWIFT_OPTIMIZATION_LEVEL = "-Owholemodule";
				SWIFT_VERSION = 5.0;
				TARGETED_DEVICE_FAMILY = 1;
			};
			name = Release;
		};
		D00F43C0591778F40E2B18DF /* Debug */ = {
			isa = XCBuildConfiguration;
			buildSettings = {
				CODE_SIGN_IDENTITY = "iPhone Developer";
				INFOPLIST_FILE = "Derived/InfoPlists/PolzzakUIKitDemoAppUITests-Info.plist";
				IPHONEOS_DEPLOYMENT_TARGET = 15.0;
				LD_RUNPATH_SEARCH_PATHS = (
					"$(inherited)",
					"@executable_path/Frameworks",
					"@loader_path/Frameworks",
				);
				PRODUCT_BUNDLE_IDENTIFIER = polzzak.demo.PolzzakUIKitDemoApp.UITests;
				PRODUCT_NAME = PolzzakUIKitDemoAppUITests;
				SDKROOT = iphoneos;
				SUPPORTS_MACCATALYST = NO;
				SWIFT_ACTIVE_COMPILATION_CONDITIONS = DEBUG;
				SWIFT_COMPILATION_MODE = singlefile;
				SWIFT_OPTIMIZATION_LEVEL = "-Onone";
				SWIFT_VERSION = 5.0;
				TARGETED_DEVICE_FAMILY = 1;
				TEST_TARGET_NAME = PolzzakUIKitDemoApp;
			};
			name = Debug;
		};
		D0F843220BD76D8F66237690 /* Release */ = {
			isa = XCBuildConfiguration;
			buildSettings = {
				CODE_SIGN_IDENTITY = "iPhone Developer";
				INFOPLIST_FILE = "Derived/InfoPlists/PolzzakUIKitTests-Info.plist";
				IPHONEOS_DEPLOYMENT_TARGET = 15.0;
				LD_RUNPATH_SEARCH_PATHS = (
					"$(inherited)",
					"@executable_path/Frameworks",
					"@loader_path/Frameworks",
				);
				PRODUCT_BUNDLE_IDENTIFIER = polzzak.module.PolzzakUIKitTests;
				PRODUCT_NAME = PolzzakUIKitTests;
				SDKROOT = iphoneos;
				SUPPORTS_MACCATALYST = NO;
				SWIFT_COMPILATION_MODE = wholemodule;
				SWIFT_OPTIMIZATION_LEVEL = "-Owholemodule";
				SWIFT_VERSION = 5.0;
				TARGETED_DEVICE_FAMILY = 1;
			};
			name = Release;
		};
		D3E1899D66C2576D13C85A1C /* Debug */ = {
			isa = XCBuildConfiguration;
			buildSettings = {
				CODE_SIGN_IDENTITY = "";
				CURRENT_PROJECT_VERSION = 1;
				DEFINES_MODULE = YES;
				DYLIB_COMPATIBILITY_VERSION = 1;
				DYLIB_CURRENT_VERSION = 1;
				DYLIB_INSTALL_NAME_BASE = "@rpath";
				INFOPLIST_FILE = "Derived/InfoPlists/PolzzakUIKit-Info.plist";
				INSTALL_PATH = "$(LOCAL_LIBRARY_DIR)/Frameworks";
				IPHONEOS_DEPLOYMENT_TARGET = 15.0;
				LD_RUNPATH_SEARCH_PATHS = (
					"$(inherited)",
					"@executable_path/Frameworks",
					"@loader_path/Frameworks",
				);
				PRODUCT_BUNDLE_IDENTIFIER = polzzak.module.PolzzakUIKit;
				PRODUCT_NAME = PolzzakUIKit;
				SDKROOT = iphoneos;
				SKIP_INSTALL = YES;
				SUPPORTS_MACCATALYST = NO;
				SWIFT_ACTIVE_COMPILATION_CONDITIONS = DEBUG;
				SWIFT_COMPILATION_MODE = singlefile;
				SWIFT_OPTIMIZATION_LEVEL = "-Onone";
				SWIFT_VERSION = 5.0;
				TARGETED_DEVICE_FAMILY = 1;
				VERSIONING_SYSTEM = "apple-generic";
				VERSION_INFO_PREFIX = "";
			};
			name = Debug;
		};
/* End XCBuildConfiguration section */

/* Begin XCConfigurationList section */
		37E27379AE83AAE9038E17FD /* Build configuration list for PBXNativeTarget "PolzzakUIKitTests" */ = {
			isa = XCConfigurationList;
			buildConfigurations = (
				563AAC2F4E03E8EC4B938AD0 /* Debug */,
				D0F843220BD76D8F66237690 /* Release */,
			);
			defaultConfigurationIsVisible = 0;
			defaultConfigurationName = Release;
		};
		829A185F69C27F6C4C6ED970 /* Build configuration list for PBXNativeTarget "PolzzakUIKitDemoApp" */ = {
			isa = XCConfigurationList;
			buildConfigurations = (
				40169DBB77800A9C126B9658 /* Debug */,
				CC32BB1102055718A65FF552 /* Release */,
			);
			defaultConfigurationIsVisible = 0;
			defaultConfigurationName = Release;
		};
		9FC78235DC10F2BF3C008D04 /* Build configuration list for PBXProject "PolzzakUIKit" */ = {
			isa = XCConfigurationList;
			buildConfigurations = (
				32C06B857299366B312B7147 /* Debug */,
				873EFE7BE21DB107564FA1B3 /* Release */,
			);
			defaultConfigurationIsVisible = 0;
			defaultConfigurationName = Release;
		};
		B67281509E17B81E3C420F05 /* Build configuration list for PBXNativeTarget "PolzzakUIKitDemoAppUITests" */ = {
			isa = XCConfigurationList;
			buildConfigurations = (
				D00F43C0591778F40E2B18DF /* Debug */,
				16F60E65810AFE5286961EC6 /* Release */,
			);
			defaultConfigurationIsVisible = 0;
			defaultConfigurationName = Release;
		};
		E8A68EA2CFEAB29FEB9AEA15 /* Build configuration list for PBXNativeTarget "PolzzakUIKit" */ = {
			isa = XCConfigurationList;
			buildConfigurations = (
				D3E1899D66C2576D13C85A1C /* Debug */,
				4DD3D996C2BB925E7B4F1D1C /* Release */,
			);
			defaultConfigurationIsVisible = 0;
			defaultConfigurationName = Release;
		};
/* End XCConfigurationList section */

/* Begin XCRemoteSwiftPackageReference section */
		349C33C758DB0B82CA4D97FD /* XCRemoteSwiftPackageReference "SnapKit" */ = {
			isa = XCRemoteSwiftPackageReference;
			repositoryURL = "https://github.com/SnapKit/SnapKit";
			requirement = {
				kind = upToNextMajorVersion;
				minimumVersion = 5.0.0;
			};
		};
		5F121DA46357D8FB4FEEC6A0 /* XCRemoteSwiftPackageReference "Nimble" */ = {
			isa = XCRemoteSwiftPackageReference;
			repositoryURL = "https://github.com/Quick/Nimble";
			requirement = {
				kind = upToNextMajorVersion;
				minimumVersion = 12.0.0;
			};
		};
/* End XCRemoteSwiftPackageReference section */

/* Begin XCSwiftPackageProductDependency section */
		18A10022C2BB697DD330BA0B /* Nimble */ = {
			isa = XCSwiftPackageProductDependency;
			productName = Nimble;
		};
		3A3B2FAC6144728CEE5CDA2C /* Nimble */ = {
			isa = XCSwiftPackageProductDependency;
			productName = Nimble;
		};
		7A6080E7BD8F1B3714A8A28A /* SnapKit */ = {
			isa = XCSwiftPackageProductDependency;
			productName = SnapKit;
		};
/* End XCSwiftPackageProductDependency section */
	};
	rootObject = 687B9F8FD0E77C180D3298D0 /* Project object */;
}
