// !$*UTF8*$!
{
	archiveVersion = 1;
	classes = {
	};
	objectVersion = 52;
	objects = {

/* Begin PBXBuildFile section */
		0304418567867ADECE5C10BD /* FilterView.swift in Sources */ = {isa = PBXBuildFile; fileRef = C72C3A74A3F5EF41EC95720E /* FilterView.swift */; };
		041953EC03A906334ED4BD1A /* PolzzakUIKit.framework in Frameworks */ = {isa = PBXBuildFile; fileRef = 6F8F4C6165B96088282B68E1 /* PolzzakUIKit.framework */; platformFilter = ios; };
		34A3E7AE9749DA46BF3E7BC7 /* FilterBottomSheetTests.swift in Sources */ = {isa = PBXBuildFile; fileRef = 48709EFE16E7E938B6A13A47 /* FilterBottomSheetTests.swift */; };
		3503862EC299388063786FB7 /* Nimble in Frameworks */ = {isa = PBXBuildFile; productRef = 5725C2308AED62BE68E7BB57 /* Nimble */; };
		46F5728BA81D72953FE20773 /* ViewController.swift in Sources */ = {isa = PBXBuildFile; fileRef = 65935DF1964F64091758EF4D /* ViewController.swift */; };
		5AA9D594A391EA51D4C41ACB /* FilterBottomSheet.framework in Frameworks */ = {isa = PBXBuildFile; fileRef = 4BA62DEF2213B94D57E9F602 /* FilterBottomSheet.framework */; platformFilter = ios; };
		5E1097A8BF65AAD7850D2CD4 /* Extension.framework in Frameworks */ = {isa = PBXBuildFile; fileRef = 173F884A943802D742990F75 /* Extension.framework */; platformFilter = ios; };
		67B5F5C3534BA756385A6590 /* SnapKit in Frameworks */ = {isa = PBXBuildFile; productRef = D447E6C443193591B018F14F /* SnapKit */; };
		72C991FBC933BD45993CE2EB /* FilterBottomSheetDemoAppUITests.swift in Sources */ = {isa = PBXBuildFile; fileRef = CFB806021EC84423C242D7C2 /* FilterBottomSheetDemoAppUITests.swift */; };
		74DC189994172F8C6B2561C8 /* TuistBundle+FilterBottomSheetDemoApp.swift in Sources */ = {isa = PBXBuildFile; fileRef = 2B7D7934AB74953CB93E21EB /* TuistBundle+FilterBottomSheetDemoApp.swift */; };
		8E9FAD304776A16D0D6F060B /* LaunchScreen.storyboard in Resources */ = {isa = PBXBuildFile; fileRef = 1155A99F94A13D1BB85307AF /* LaunchScreen.storyboard */; };
		946F57A90BBEA914488634FF /* FilterBottomSheet.framework in Embed Frameworks */ = {isa = PBXBuildFile; fileRef = 4BA62DEF2213B94D57E9F602 /* FilterBottomSheet.framework */; platformFilter = ios; settings = {ATTRIBUTES = (CodeSignOnCopy, RemoveHeadersOnCopy, ); }; };
		99FE6E24CF25C99F7A015EDD /* SharedResources.framework in Frameworks */ = {isa = PBXBuildFile; fileRef = C309DB53413AB1B9359BC6FC /* SharedResources.framework */; platformFilter = ios; };
		A1C68CB84E722A4A98C48957 /* SharedResources.framework in Embed Frameworks */ = {isa = PBXBuildFile; fileRef = C309DB53413AB1B9359BC6FC /* SharedResources.framework */; platformFilter = ios; settings = {ATTRIBUTES = (CodeSignOnCopy, RemoveHeadersOnCopy, ); }; };
		B1305C5BBA90038CDB029553 /* FilterBottomSheet.framework in Frameworks */ = {isa = PBXBuildFile; fileRef = 4BA62DEF2213B94D57E9F602 /* FilterBottomSheet.framework */; platformFilter = ios; };
		D217D845880D1157D7BFF4AD /* AppDelegate.swift in Sources */ = {isa = PBXBuildFile; fileRef = EB03470E48E05AD3B57384E1 /* AppDelegate.swift */; };
		DDAB01A4482C69A2C657568D /* Extension.framework in Embed Frameworks */ = {isa = PBXBuildFile; fileRef = 173F884A943802D742990F75 /* Extension.framework */; platformFilter = ios; settings = {ATTRIBUTES = (CodeSignOnCopy, RemoveHeadersOnCopy, ); }; };
		E347B1241C23D106C2532AE9 /* Filterable.swift in Sources */ = {isa = PBXBuildFile; fileRef = 325485E6155FD455D6B84807 /* Filterable.swift */; };
		EE0F9C185512342BD3627D99 /* SceneDelegate.swift in Sources */ = {isa = PBXBuildFile; fileRef = 83D1C01DB3C07A6DD87ACE88 /* SceneDelegate.swift */; };
		F1BA1744D88ADDD8DDFA9327 /* FilterType.swift in Sources */ = {isa = PBXBuildFile; fileRef = 0EE6DB94BDF900DE492EC9B4 /* FilterType.swift */; };
		F325140848E3016E0DCBBD4A /* PolzzakUIKit.framework in Embed Frameworks */ = {isa = PBXBuildFile; fileRef = 6F8F4C6165B96088282B68E1 /* PolzzakUIKit.framework */; platformFilter = ios; settings = {ATTRIBUTES = (CodeSignOnCopy, RemoveHeadersOnCopy, ); }; };
		F711572C5ED1EF964CE1CB03 /* Nimble in Frameworks */ = {isa = PBXBuildFile; productRef = 553CC5087E51ABFFDC22B44E /* Nimble */; };
		FC5F387CBCE7AB89924A1A3E /* BaseFilterView.swift in Sources */ = {isa = PBXBuildFile; fileRef = B14B96707B1354EACC200F7C /* BaseFilterView.swift */; };
/* End PBXBuildFile section */

/* Begin PBXContainerItemProxy section */
		0F19AA63B9C6F86CCD81B6A2 /* PBXContainerItemProxy */ = {
			isa = PBXContainerItemProxy;
			containerPortal = 8D8043B2484A9542813F6925 /* Project object */;
			proxyType = 1;
			remoteGlobalIDString = 87AE3003C8E0EE3F0452F6A7;
			remoteInfo = FilterBottomSheetDemoApp;
		};
		289931370E14E76243193B69 /* PBXContainerItemProxy */ = {
			isa = PBXContainerItemProxy;
			containerPortal = 8D8043B2484A9542813F6925 /* Project object */;
			proxyType = 1;
			remoteGlobalIDString = E77B1A77FCA4A1632215ADC2;
			remoteInfo = FilterBottomSheet;
		};
		A8252DF9F8849D7BE9EE9A0F /* PBXContainerItemProxy */ = {
			isa = PBXContainerItemProxy;
			containerPortal = 8D8043B2484A9542813F6925 /* Project object */;
			proxyType = 1;
			remoteGlobalIDString = E77B1A77FCA4A1632215ADC2;
			remoteInfo = FilterBottomSheet;
		};
/* End PBXContainerItemProxy section */

/* Begin PBXCopyFilesBuildPhase section */
		893C086C0A0AC9B5CAEDE007 /* Embed Frameworks */ = {
			isa = PBXCopyFilesBuildPhase;
			buildActionMask = 2147483647;
			dstPath = "";
			dstSubfolderSpec = 10;
			files = (
			);
			name = "Embed Frameworks";
			runOnlyForDeploymentPostprocessing = 0;
		};
		C4C0A0122B3A071EC5138C89 /* Embed Frameworks */ = {
			isa = PBXCopyFilesBuildPhase;
			buildActionMask = 2147483647;
			dstPath = "";
			dstSubfolderSpec = 10;
			files = (
			);
			name = "Embed Frameworks";
			runOnlyForDeploymentPostprocessing = 0;
		};
		E1359FC65A5F69509A6010AA /* Embed Frameworks */ = {
			isa = PBXCopyFilesBuildPhase;
			buildActionMask = 2147483647;
			dstPath = "";
			dstSubfolderSpec = 10;
			files = (
			);
			name = "Embed Frameworks";
			runOnlyForDeploymentPostprocessing = 0;
		};
		EDC2936F8CF8D6B7E24A1A4C /* Embed Frameworks */ = {
			isa = PBXCopyFilesBuildPhase;
			buildActionMask = 2147483647;
			dstPath = "";
			dstSubfolderSpec = 10;
			files = (
				DDAB01A4482C69A2C657568D /* Extension.framework in Embed Frameworks */,
				946F57A90BBEA914488634FF /* FilterBottomSheet.framework in Embed Frameworks */,
				F325140848E3016E0DCBBD4A /* PolzzakUIKit.framework in Embed Frameworks */,
				A1C68CB84E722A4A98C48957 /* SharedResources.framework in Embed Frameworks */,
			);
			name = "Embed Frameworks";
			runOnlyForDeploymentPostprocessing = 0;
		};
/* End PBXCopyFilesBuildPhase section */

/* Begin PBXFileReference section */
		0DB9D5C8A7B75405827CEDC4 /* FilterBottomSheetTests.xctest */ = {isa = PBXFileReference; explicitFileType = wrapper.cfbundle; includeInIndex = 0; path = FilterBottomSheetTests.xctest; sourceTree = BUILT_PRODUCTS_DIR; };
		0EE6DB94BDF900DE492EC9B4 /* FilterType.swift */ = {isa = PBXFileReference; lastKnownFileType = sourcecode.swift; path = FilterType.swift; sourceTree = "<group>"; };
		1155A99F94A13D1BB85307AF /* LaunchScreen.storyboard */ = {isa = PBXFileReference; lastKnownFileType = file.storyboard; path = LaunchScreen.storyboard; sourceTree = "<group>"; };
		173F884A943802D742990F75 /* Extension.framework */ = {isa = PBXFileReference; explicitFileType = wrapper.framework; includeInIndex = 0; path = Extension.framework; sourceTree = BUILT_PRODUCTS_DIR; };
		26076D6F7245B20280B631EC /* FilterBottomSheet-Info.plist */ = {isa = PBXFileReference; lastKnownFileType = text.plist; path = "FilterBottomSheet-Info.plist"; sourceTree = "<group>"; };
		288151E41928ABAA1D7BE921 /* FilterBottomSheetDemoAppUITests-Info.plist */ = {isa = PBXFileReference; lastKnownFileType = text.plist; path = "FilterBottomSheetDemoAppUITests-Info.plist"; sourceTree = "<group>"; };
		2B7D7934AB74953CB93E21EB /* TuistBundle+FilterBottomSheetDemoApp.swift */ = {isa = PBXFileReference; lastKnownFileType = sourcecode.swift; path = "TuistBundle+FilterBottomSheetDemoApp.swift"; sourceTree = "<group>"; };
		325485E6155FD455D6B84807 /* Filterable.swift */ = {isa = PBXFileReference; lastKnownFileType = sourcecode.swift; path = Filterable.swift; sourceTree = "<group>"; };
		35DEF7C5AE17394A5A91473F /* FilterBottomSheetDemoApp.app */ = {isa = PBXFileReference; explicitFileType = wrapper.application; includeInIndex = 0; path = FilterBottomSheetDemoApp.app; sourceTree = BUILT_PRODUCTS_DIR; };
		48709EFE16E7E938B6A13A47 /* FilterBottomSheetTests.swift */ = {isa = PBXFileReference; lastKnownFileType = sourcecode.swift; path = FilterBottomSheetTests.swift; sourceTree = "<group>"; };
		4BA62DEF2213B94D57E9F602 /* FilterBottomSheet.framework */ = {isa = PBXFileReference; explicitFileType = wrapper.framework; includeInIndex = 0; path = FilterBottomSheet.framework; sourceTree = BUILT_PRODUCTS_DIR; };
		65935DF1964F64091758EF4D /* ViewController.swift */ = {isa = PBXFileReference; lastKnownFileType = sourcecode.swift; path = ViewController.swift; sourceTree = "<group>"; };
		6F8F4C6165B96088282B68E1 /* PolzzakUIKit.framework */ = {isa = PBXFileReference; explicitFileType = wrapper.framework; includeInIndex = 0; path = PolzzakUIKit.framework; sourceTree = BUILT_PRODUCTS_DIR; };
		83D1C01DB3C07A6DD87ACE88 /* SceneDelegate.swift */ = {isa = PBXFileReference; lastKnownFileType = sourcecode.swift; path = SceneDelegate.swift; sourceTree = "<group>"; };
		9CE21B3ACF2175FA836F0658 /* Info.plist */ = {isa = PBXFileReference; lastKnownFileType = text.plist; path = Info.plist; sourceTree = "<group>"; };
		B14B96707B1354EACC200F7C /* BaseFilterView.swift */ = {isa = PBXFileReference; lastKnownFileType = sourcecode.swift; path = BaseFilterView.swift; sourceTree = "<group>"; };
		BA963A10C61DD635B602AA9D /* FilterBottomSheetDemoAppUITests.xctest */ = {isa = PBXFileReference; explicitFileType = wrapper.cfbundle; includeInIndex = 0; path = FilterBottomSheetDemoAppUITests.xctest; sourceTree = BUILT_PRODUCTS_DIR; };
		C309DB53413AB1B9359BC6FC /* SharedResources.framework */ = {isa = PBXFileReference; explicitFileType = wrapper.framework; includeInIndex = 0; path = SharedResources.framework; sourceTree = BUILT_PRODUCTS_DIR; };
		C72C3A74A3F5EF41EC95720E /* FilterView.swift */ = {isa = PBXFileReference; lastKnownFileType = sourcecode.swift; path = FilterView.swift; sourceTree = "<group>"; };
		CA0F6B82C857D01DC2782887 /* FilterBottomSheetTests-Info.plist */ = {isa = PBXFileReference; lastKnownFileType = text.plist; path = "FilterBottomSheetTests-Info.plist"; sourceTree = "<group>"; };
		CFB806021EC84423C242D7C2 /* FilterBottomSheetDemoAppUITests.swift */ = {isa = PBXFileReference; lastKnownFileType = sourcecode.swift; path = FilterBottomSheetDemoAppUITests.swift; sourceTree = "<group>"; };
		EB03470E48E05AD3B57384E1 /* AppDelegate.swift */ = {isa = PBXFileReference; lastKnownFileType = sourcecode.swift; path = AppDelegate.swift; sourceTree = "<group>"; };
/* End PBXFileReference section */

/* Begin PBXFrameworksBuildPhase section */
		3218F342FB0EBC63631A0159 /* Frameworks */ = {
			isa = PBXFrameworksBuildPhase;
			buildActionMask = 2147483647;
			files = (
				5AA9D594A391EA51D4C41ACB /* FilterBottomSheet.framework in Frameworks */,
				3503862EC299388063786FB7 /* Nimble in Frameworks */,
			);
			runOnlyForDeploymentPostprocessing = 0;
		};
		93989D520F865C8E0C03E925 /* Frameworks */ = {
			isa = PBXFrameworksBuildPhase;
			buildActionMask = 2147483647;
			files = (
				5E1097A8BF65AAD7850D2CD4 /* Extension.framework in Frameworks */,
				041953EC03A906334ED4BD1A /* PolzzakUIKit.framework in Frameworks */,
				99FE6E24CF25C99F7A015EDD /* SharedResources.framework in Frameworks */,
				67B5F5C3534BA756385A6590 /* SnapKit in Frameworks */,
			);
			runOnlyForDeploymentPostprocessing = 0;
		};
		E794F2437CD1A58BE41836DE /* Frameworks */ = {
			isa = PBXFrameworksBuildPhase;
			buildActionMask = 2147483647;
			files = (
				B1305C5BBA90038CDB029553 /* FilterBottomSheet.framework in Frameworks */,
			);
			runOnlyForDeploymentPostprocessing = 0;
		};
		F2683C2A18ECF100B64EF2EE /* Frameworks */ = {
			isa = PBXFrameworksBuildPhase;
			buildActionMask = 2147483647;
			files = (
				F711572C5ED1EF964CE1CB03 /* Nimble in Frameworks */,
			);
			runOnlyForDeploymentPostprocessing = 0;
		};
/* End PBXFrameworksBuildPhase section */

/* Begin PBXGroup section */
		2D2C204F315777B0D7CA2FE1 /* Derived */ = {
			isa = PBXGroup;
			children = (
				4A1853A8D08D35F9EBAE59C5 /* InfoPlists */,
				929D1B2DCE44142A12D6B099 /* Sources */,
			);
			path = Derived;
			sourceTree = "<group>";
		};
		41A34BC8595157384A543B26 /* Tests */ = {
			isa = PBXGroup;
			children = (
				48709EFE16E7E938B6A13A47 /* FilterBottomSheetTests.swift */,
			);
			path = Tests;
			sourceTree = "<group>";
		};
		4A1853A8D08D35F9EBAE59C5 /* InfoPlists */ = {
			isa = PBXGroup;
			children = (
				26076D6F7245B20280B631EC /* FilterBottomSheet-Info.plist */,
				288151E41928ABAA1D7BE921 /* FilterBottomSheetDemoAppUITests-Info.plist */,
				CA0F6B82C857D01DC2782887 /* FilterBottomSheetTests-Info.plist */,
			);
			path = InfoPlists;
			sourceTree = "<group>";
		};
		5AFF7F68BFC21E9397FA18EC /* Project */ = {
			isa = PBXGroup;
			children = (
				DBE4511F2C6F7703AD0DD2D3 /* Config */,
				63D65F970FBBF89A151DC6CC /* DemoApp */,
				2D2C204F315777B0D7CA2FE1 /* Derived */,
				A29FE59801D6817A81DEAEB7 /* Sources */,
				41A34BC8595157384A543B26 /* Tests */,
			);
			name = Project;
			sourceTree = "<group>";
		};
		5BF065C3E8FD5910CCE7B6AE /* Frameworks */ = {
			isa = PBXGroup;
			children = (
			);
			name = Frameworks;
			sourceTree = "<group>";
		};
		63D65F970FBBF89A151DC6CC /* DemoApp */ = {
			isa = PBXGroup;
			children = (
				C3F725B26676FE1AF714853A /* DemoAppResources */,
				C0C7823E8B6E2EF8F2370966 /* DemoAppSources */,
				B50F5720FD290CA71051ACD8 /* DemoAppUITests */,
			);
			path = DemoApp;
			sourceTree = "<group>";
		};
		929D1B2DCE44142A12D6B099 /* Sources */ = {
			isa = PBXGroup;
			children = (
				2B7D7934AB74953CB93E21EB /* TuistBundle+FilterBottomSheetDemoApp.swift */,
			);
			path = Sources;
			sourceTree = "<group>";
		};
		A29FE59801D6817A81DEAEB7 /* Sources */ = {
			isa = PBXGroup;
			children = (
				B14B96707B1354EACC200F7C /* BaseFilterView.swift */,
				325485E6155FD455D6B84807 /* Filterable.swift */,
				0EE6DB94BDF900DE492EC9B4 /* FilterType.swift */,
				C72C3A74A3F5EF41EC95720E /* FilterView.swift */,
			);
			path = Sources;
			sourceTree = "<group>";
		};
		B50F5720FD290CA71051ACD8 /* DemoAppUITests */ = {
			isa = PBXGroup;
			children = (
				CFB806021EC84423C242D7C2 /* FilterBottomSheetDemoAppUITests.swift */,
			);
			path = DemoAppUITests;
			sourceTree = "<group>";
		};
		C0C7823E8B6E2EF8F2370966 /* DemoAppSources */ = {
			isa = PBXGroup;
			children = (
				EB03470E48E05AD3B57384E1 /* AppDelegate.swift */,
				83D1C01DB3C07A6DD87ACE88 /* SceneDelegate.swift */,
				65935DF1964F64091758EF4D /* ViewController.swift */,
			);
			path = DemoAppSources;
			sourceTree = "<group>";
		};
		C3F725B26676FE1AF714853A /* DemoAppResources */ = {
			isa = PBXGroup;
			children = (
				1155A99F94A13D1BB85307AF /* LaunchScreen.storyboard */,
			);
			path = DemoAppResources;
			sourceTree = "<group>";
		};
		C6A737ACCCD7BFDBF8A19D7A /* Products */ = {
			isa = PBXGroup;
			children = (
				173F884A943802D742990F75 /* Extension.framework */,
				4BA62DEF2213B94D57E9F602 /* FilterBottomSheet.framework */,
				35DEF7C5AE17394A5A91473F /* FilterBottomSheetDemoApp.app */,
				BA963A10C61DD635B602AA9D /* FilterBottomSheetDemoAppUITests.xctest */,
				0DB9D5C8A7B75405827CEDC4 /* FilterBottomSheetTests.xctest */,
				6F8F4C6165B96088282B68E1 /* PolzzakUIKit.framework */,
				C309DB53413AB1B9359BC6FC /* SharedResources.framework */,
			);
			name = Products;
			sourceTree = "<group>";
		};
		DBE4511F2C6F7703AD0DD2D3 /* Config */ = {
			isa = PBXGroup;
			children = (
				9CE21B3ACF2175FA836F0658 /* Info.plist */,
			);
			path = Config;
			sourceTree = "<group>";
		};
		E5233CD468078CB1417E59DD = {
			isa = PBXGroup;
			children = (
				5AFF7F68BFC21E9397FA18EC /* Project */,
				5BF065C3E8FD5910CCE7B6AE /* Frameworks */,
				C6A737ACCCD7BFDBF8A19D7A /* Products */,
			);
			sourceTree = "<group>";
		};
/* End PBXGroup section */

/* Begin PBXNativeTarget section */
		1552B0F6FDB6B812394A7DED /* FilterBottomSheetTests */ = {
			isa = PBXNativeTarget;
			buildConfigurationList = 9949D7F76F48697A8498161C /* Build configuration list for PBXNativeTarget "FilterBottomSheetTests" */;
			buildPhases = (
				3433F0C890F5DF715CF85DFC /* Sources */,
				8001B2DF1617C81E9C7ACAE0 /* Resources */,
				893C086C0A0AC9B5CAEDE007 /* Embed Frameworks */,
				3218F342FB0EBC63631A0159 /* Frameworks */,
			);
			buildRules = (
			);
			dependencies = (
				DFBB06E7A9A22C1FC8877686 /* PBXTargetDependency */,
			);
			name = FilterBottomSheetTests;
			packageProductDependencies = (
				5725C2308AED62BE68E7BB57 /* Nimble */,
			);
			productName = FilterBottomSheetTests;
			productReference = 0DB9D5C8A7B75405827CEDC4 /* FilterBottomSheetTests.xctest */;
			productType = "com.apple.product-type.bundle.unit-test";
		};
		87AE3003C8E0EE3F0452F6A7 /* FilterBottomSheetDemoApp */ = {
			isa = PBXNativeTarget;
			buildConfigurationList = 062F2DC0728C444B4556E101 /* Build configuration list for PBXNativeTarget "FilterBottomSheetDemoApp" */;
			buildPhases = (
				84650264DA2C97E817E2069A /* Sources */,
				77AE4098F7F1C49CC6F72A57 /* Resources */,
				EDC2936F8CF8D6B7E24A1A4C /* Embed Frameworks */,
				E794F2437CD1A58BE41836DE /* Frameworks */,
			);
			buildRules = (
			);
			dependencies = (
				3BB9A1CC0842A8D9740DEEBE /* PBXTargetDependency */,
			);
			name = FilterBottomSheetDemoApp;
			productName = FilterBottomSheetDemoApp;
			productReference = 35DEF7C5AE17394A5A91473F /* FilterBottomSheetDemoApp.app */;
			productType = "com.apple.product-type.application";
		};
		C28A81789E9DF351059AC6D3 /* FilterBottomSheetDemoAppUITests */ = {
			isa = PBXNativeTarget;
			buildConfigurationList = 54CB73E917CF1E03F4461616 /* Build configuration list for PBXNativeTarget "FilterBottomSheetDemoAppUITests" */;
			buildPhases = (
				DB2A1C91B40C9298C67ED5E5 /* Sources */,
				FB6D5CB9A4EC6429BC3F02C7 /* Resources */,
				E1359FC65A5F69509A6010AA /* Embed Frameworks */,
				F2683C2A18ECF100B64EF2EE /* Frameworks */,
			);
			buildRules = (
			);
			dependencies = (
				DE506716C2FB3221D512D524 /* PBXTargetDependency */,
			);
			name = FilterBottomSheetDemoAppUITests;
			packageProductDependencies = (
				553CC5087E51ABFFDC22B44E /* Nimble */,
			);
			productName = FilterBottomSheetDemoAppUITests;
			productReference = BA963A10C61DD635B602AA9D /* FilterBottomSheetDemoAppUITests.xctest */;
			productType = "com.apple.product-type.bundle.ui-testing";
		};
		E77B1A77FCA4A1632215ADC2 /* FilterBottomSheet */ = {
			isa = PBXNativeTarget;
			buildConfigurationList = 59763348E21875CA9C3C2C28 /* Build configuration list for PBXNativeTarget "FilterBottomSheet" */;
			buildPhases = (
				96FDF7DB85880DF1F277689B /* Sources */,
				4482FAD7164B65D707029BC7 /* Resources */,
				C4C0A0122B3A071EC5138C89 /* Embed Frameworks */,
				93989D520F865C8E0C03E925 /* Frameworks */,
			);
			buildRules = (
			);
			dependencies = (
			);
			name = FilterBottomSheet;
			packageProductDependencies = (
				D447E6C443193591B018F14F /* SnapKit */,
			);
			productName = FilterBottomSheet;
			productReference = 4BA62DEF2213B94D57E9F602 /* FilterBottomSheet.framework */;
			productType = "com.apple.product-type.framework";
		};
/* End PBXNativeTarget section */

/* Begin PBXProject section */
		8D8043B2484A9542813F6925 /* Project object */ = {
			isa = PBXProject;
			attributes = {
				TargetAttributes = {
					C28A81789E9DF351059AC6D3 = {
						TestTargetID = 87AE3003C8E0EE3F0452F6A7;
					};
				};
			};
			buildConfigurationList = 2A9D3FF4FFEA0A5AFBB44A2A /* Build configuration list for PBXProject "FilterBottomSheet" */;
			compatibilityVersion = "Xcode 13.0";
			developmentRegion = en;
			hasScannedForEncodings = 0;
			knownRegions = (
				Base,
				en,
			);
			mainGroup = E5233CD468078CB1417E59DD;
			packageReferences = (
				7DEDA1AEA02090E499A49E26 /* XCRemoteSwiftPackageReference "Nimble" */,
				AF3302F60E388C671F95A657 /* XCRemoteSwiftPackageReference "SnapKit" */,
			);
			productRefGroup = C6A737ACCCD7BFDBF8A19D7A /* Products */;
			projectDirPath = "";
			projectRoot = "";
			targets = (
				E77B1A77FCA4A1632215ADC2 /* FilterBottomSheet */,
				1552B0F6FDB6B812394A7DED /* FilterBottomSheetTests */,
				87AE3003C8E0EE3F0452F6A7 /* FilterBottomSheetDemoApp */,
				C28A81789E9DF351059AC6D3 /* FilterBottomSheetDemoAppUITests */,
			);
		};
/* End PBXProject section */

/* Begin PBXResourcesBuildPhase section */
		4482FAD7164B65D707029BC7 /* Resources */ = {
			isa = PBXResourcesBuildPhase;
			buildActionMask = 2147483647;
			files = (
			);
			runOnlyForDeploymentPostprocessing = 0;
		};
		77AE4098F7F1C49CC6F72A57 /* Resources */ = {
			isa = PBXResourcesBuildPhase;
			buildActionMask = 2147483647;
			files = (
				8E9FAD304776A16D0D6F060B /* LaunchScreen.storyboard in Resources */,
			);
			runOnlyForDeploymentPostprocessing = 0;
		};
		8001B2DF1617C81E9C7ACAE0 /* Resources */ = {
			isa = PBXResourcesBuildPhase;
			buildActionMask = 2147483647;
			files = (
			);
			runOnlyForDeploymentPostprocessing = 0;
		};
		FB6D5CB9A4EC6429BC3F02C7 /* Resources */ = {
			isa = PBXResourcesBuildPhase;
			buildActionMask = 2147483647;
			files = (
			);
			runOnlyForDeploymentPostprocessing = 0;
		};
/* End PBXResourcesBuildPhase section */

/* Begin PBXSourcesBuildPhase section */
		3433F0C890F5DF715CF85DFC /* Sources */ = {
			isa = PBXSourcesBuildPhase;
			buildActionMask = 2147483647;
			files = (
				34A3E7AE9749DA46BF3E7BC7 /* FilterBottomSheetTests.swift in Sources */,
			);
			runOnlyForDeploymentPostprocessing = 0;
		};
		84650264DA2C97E817E2069A /* Sources */ = {
			isa = PBXSourcesBuildPhase;
			buildActionMask = 2147483647;
			files = (
				D217D845880D1157D7BFF4AD /* AppDelegate.swift in Sources */,
				EE0F9C185512342BD3627D99 /* SceneDelegate.swift in Sources */,
				46F5728BA81D72953FE20773 /* ViewController.swift in Sources */,
				74DC189994172F8C6B2561C8 /* TuistBundle+FilterBottomSheetDemoApp.swift in Sources */,
			);
			runOnlyForDeploymentPostprocessing = 0;
		};
		96FDF7DB85880DF1F277689B /* Sources */ = {
			isa = PBXSourcesBuildPhase;
			buildActionMask = 2147483647;
			files = (
				FC5F387CBCE7AB89924A1A3E /* BaseFilterView.swift in Sources */,
				F1BA1744D88ADDD8DDFA9327 /* FilterType.swift in Sources */,
				0304418567867ADECE5C10BD /* FilterView.swift in Sources */,
				E347B1241C23D106C2532AE9 /* Filterable.swift in Sources */,
			);
			runOnlyForDeploymentPostprocessing = 0;
		};
		DB2A1C91B40C9298C67ED5E5 /* Sources */ = {
			isa = PBXSourcesBuildPhase;
			buildActionMask = 2147483647;
			files = (
				72C991FBC933BD45993CE2EB /* FilterBottomSheetDemoAppUITests.swift in Sources */,
			);
			runOnlyForDeploymentPostprocessing = 0;
		};
/* End PBXSourcesBuildPhase section */

/* Begin PBXTargetDependency section */
		3BB9A1CC0842A8D9740DEEBE /* PBXTargetDependency */ = {
			isa = PBXTargetDependency;
			name = FilterBottomSheet;
			target = E77B1A77FCA4A1632215ADC2 /* FilterBottomSheet */;
			targetProxy = 289931370E14E76243193B69 /* PBXContainerItemProxy */;
		};
		DE506716C2FB3221D512D524 /* PBXTargetDependency */ = {
			isa = PBXTargetDependency;
			name = FilterBottomSheetDemoApp;
			target = 87AE3003C8E0EE3F0452F6A7 /* FilterBottomSheetDemoApp */;
			targetProxy = 0F19AA63B9C6F86CCD81B6A2 /* PBXContainerItemProxy */;
		};
		DFBB06E7A9A22C1FC8877686 /* PBXTargetDependency */ = {
			isa = PBXTargetDependency;
			name = FilterBottomSheet;
			target = E77B1A77FCA4A1632215ADC2 /* FilterBottomSheet */;
			targetProxy = A8252DF9F8849D7BE9EE9A0F /* PBXContainerItemProxy */;
		};
/* End PBXTargetDependency section */

/* Begin XCBuildConfiguration section */
		12CEFC1FBF6491BBA524B8F9 /* Debug */ = {
			isa = XCBuildConfiguration;
			buildSettings = {
				CODE_SIGN_IDENTITY = "";
				CURRENT_PROJECT_VERSION = 1;
				DEFINES_MODULE = YES;
				DYLIB_COMPATIBILITY_VERSION = 1;
				DYLIB_CURRENT_VERSION = 1;
				DYLIB_INSTALL_NAME_BASE = "@rpath";
				INFOPLIST_FILE = "Derived/InfoPlists/FilterBottomSheet-Info.plist";
				INSTALL_PATH = "$(LOCAL_LIBRARY_DIR)/Frameworks";
				IPHONEOS_DEPLOYMENT_TARGET = 15.0;
				LD_RUNPATH_SEARCH_PATHS = (
					"$(inherited)",
					"@executable_path/Frameworks",
					"@loader_path/Frameworks",
				);
				PRODUCT_BUNDLE_IDENTIFIER = polzzak.module.FilterBottomSheet;
				PRODUCT_NAME = FilterBottomSheet;
				SDKROOT = iphoneos;
				SKIP_INSTALL = YES;
				SUPPORTS_MACCATALYST = NO;
				SWIFT_ACTIVE_COMPILATION_CONDITIONS = DEBUG;
				SWIFT_COMPILATION_MODE = singlefile;
				SWIFT_OPTIMIZATION_LEVEL = "-Onone";
				SWIFT_VERSION = 5.0;
				TARGETED_DEVICE_FAMILY = 1;
				VERSIONING_SYSTEM = "apple-generic";
				VERSION_INFO_PREFIX = "";
			};
			name = Debug;
		};
		18E2B602F23E056C1272F92F /* Release */ = {
			isa = XCBuildConfiguration;
			buildSettings = {
				CODE_SIGN_IDENTITY = "";
				CURRENT_PROJECT_VERSION = 1;
				DEFINES_MODULE = YES;
				DYLIB_COMPATIBILITY_VERSION = 1;
				DYLIB_CURRENT_VERSION = 1;
				DYLIB_INSTALL_NAME_BASE = "@rpath";
				INFOPLIST_FILE = "Derived/InfoPlists/FilterBottomSheet-Info.plist";
				INSTALL_PATH = "$(LOCAL_LIBRARY_DIR)/Frameworks";
				IPHONEOS_DEPLOYMENT_TARGET = 15.0;
				LD_RUNPATH_SEARCH_PATHS = (
					"$(inherited)",
					"@executable_path/Frameworks",
					"@loader_path/Frameworks",
				);
				PRODUCT_BUNDLE_IDENTIFIER = polzzak.module.FilterBottomSheet;
				PRODUCT_NAME = FilterBottomSheet;
				SDKROOT = iphoneos;
				SKIP_INSTALL = YES;
				SUPPORTS_MACCATALYST = NO;
				SWIFT_COMPILATION_MODE = wholemodule;
				SWIFT_OPTIMIZATION_LEVEL = "-Owholemodule";
				SWIFT_VERSION = 5.0;
				TARGETED_DEVICE_FAMILY = 1;
				VERSIONING_SYSTEM = "apple-generic";
				VERSION_INFO_PREFIX = "";
			};
			name = Release;
		};
		653EA0C14F157C9584FB2BDD /* Debug */ = {
			isa = XCBuildConfiguration;
			buildSettings = {
				CODE_SIGN_IDENTITY = "iPhone Developer";
				INFOPLIST_FILE = "Derived/InfoPlists/FilterBottomSheetTests-Info.plist";
				IPHONEOS_DEPLOYMENT_TARGET = 15.0;
				LD_RUNPATH_SEARCH_PATHS = (
					"$(inherited)",
					"@executable_path/Frameworks",
					"@loader_path/Frameworks",
				);
				PRODUCT_BUNDLE_IDENTIFIER = polzzak.module.FilterBottomSheetTests;
				PRODUCT_NAME = FilterBottomSheetTests;
				SDKROOT = iphoneos;
				SUPPORTS_MACCATALYST = NO;
				SWIFT_ACTIVE_COMPILATION_CONDITIONS = DEBUG;
				SWIFT_COMPILATION_MODE = singlefile;
				SWIFT_OPTIMIZATION_LEVEL = "-Onone";
				SWIFT_VERSION = 5.0;
				TARGETED_DEVICE_FAMILY = 1;
			};
			name = Debug;
		};
		6F646CC7ED09BE3CFA7A11F2 /* Release */ = {
			isa = XCBuildConfiguration;
			buildSettings = {
				ASSETCATALOG_COMPILER_APPICON_NAME = AppIcon;
				CODE_SIGN_IDENTITY = "iPhone Developer";
				ENABLE_PREVIEWS = YES;
				INFOPLIST_FILE = Config/Info.plist;
				IPHONEOS_DEPLOYMENT_TARGET = 15.0;
				LD_RUNPATH_SEARCH_PATHS = (
					"$(inherited)",
					"@executable_path/Frameworks",
				);
				PRODUCT_BUNDLE_IDENTIFIER = polzzak.demo.FilterBottomSheetDemoApp;
				PRODUCT_NAME = FilterBottomSheetDemoApp;
				SDKROOT = iphoneos;
				SUPPORTS_MACCATALYST = NO;
				SWIFT_COMPILATION_MODE = wholemodule;
				SWIFT_OPTIMIZATION_LEVEL = "-Owholemodule";
				SWIFT_VERSION = 5.0;
				TARGETED_DEVICE_FAMILY = 1;
			};
			name = Release;
		};
		948172ADD1C74A5DCDDFA9C5 /* Debug */ = {
			isa = XCBuildConfiguration;
			buildSettings = {
				CODE_SIGN_IDENTITY = "iPhone Developer";
				INFOPLIST_FILE = "Derived/InfoPlists/FilterBottomSheetDemoAppUITests-Info.plist";
				IPHONEOS_DEPLOYMENT_TARGET = 15.0;
				LD_RUNPATH_SEARCH_PATHS = (
					"$(inherited)",
					"@executable_path/Frameworks",
					"@loader_path/Frameworks",
				);
				PRODUCT_BUNDLE_IDENTIFIER = polzzak.demo.FilterBottomSheetDemoApp.UITests;
				PRODUCT_NAME = FilterBottomSheetDemoAppUITests;
				SDKROOT = iphoneos;
				SUPPORTS_MACCATALYST = NO;
				SWIFT_ACTIVE_COMPILATION_CONDITIONS = DEBUG;
				SWIFT_COMPILATION_MODE = singlefile;
				SWIFT_OPTIMIZATION_LEVEL = "-Onone";
				SWIFT_VERSION = 5.0;
				TARGETED_DEVICE_FAMILY = 1;
				TEST_TARGET_NAME = FilterBottomSheetDemoApp;
			};
			name = Debug;
		};
		96657FE5458C1866C5778776 /* Debug */ = {
			isa = XCBuildConfiguration;
			buildSettings = {
				ALWAYS_SEARCH_USER_PATHS = NO;
				CLANG_ANALYZER_LOCALIZABILITY_NONLOCALIZED = YES;
				CLANG_ANALYZER_NONNULL = YES;
				CLANG_ANALYZER_NUMBER_OBJECT_CONVERSION = YES_AGGRESSIVE;
				CLANG_CXX_LANGUAGE_STANDARD = "gnu++14";
				CLANG_CXX_LIBRARY = "libc++";
				CLANG_ENABLE_MODULES = YES;
				CLANG_ENABLE_OBJC_ARC = YES;
				CLANG_ENABLE_OBJC_WEAK = YES;
				CLANG_WARN_BLOCK_CAPTURE_AUTORELEASING = YES;
				CLANG_WARN_BOOL_CONVERSION = YES;
				CLANG_WARN_COMMA = YES;
				CLANG_WARN_CONSTANT_CONVERSION = YES;
				CLANG_WARN_DEPRECATED_OBJC_IMPLEMENTATIONS = YES;
				CLANG_WARN_DIRECT_OBJC_ISA_USAGE = YES_ERROR;
				CLANG_WARN_DOCUMENTATION_COMMENTS = YES;
				CLANG_WARN_EMPTY_BODY = YES;
				CLANG_WARN_ENUM_CONVERSION = YES;
				CLANG_WARN_INFINITE_RECURSION = YES;
				CLANG_WARN_INT_CONVERSION = YES;
				CLANG_WARN_NON_LITERAL_NULL_CONVERSION = YES;
				CLANG_WARN_OBJC_IMPLICIT_RETAIN_SELF = YES;
				CLANG_WARN_OBJC_LITERAL_CONVERSION = YES;
				CLANG_WARN_OBJC_ROOT_CLASS = YES_ERROR;
				CLANG_WARN_QUOTED_INCLUDE_IN_FRAMEWORK_HEADER = YES;
				CLANG_WARN_RANGE_LOOP_ANALYSIS = YES;
				CLANG_WARN_STRICT_PROTOTYPES = YES;
				CLANG_WARN_SUSPICIOUS_MOVE = YES;
				CLANG_WARN_UNGUARDED_AVAILABILITY = YES_AGGRESSIVE;
				CLANG_WARN_UNREACHABLE_CODE = YES;
				CLANG_WARN__DUPLICATE_METHOD_MATCH = YES;
				COPY_PHASE_STRIP = NO;
				DEAD_CODE_STRIPPING = YES;
				DEBUG_INFORMATION_FORMAT = dwarf;
				ENABLE_STRICT_OBJC_MSGSEND = YES;
				ENABLE_TESTABILITY = YES;
				GCC_C_LANGUAGE_STANDARD = gnu11;
				GCC_DYNAMIC_NO_PIC = NO;
				GCC_NO_COMMON_BLOCKS = YES;
				GCC_OPTIMIZATION_LEVEL = 0;
				GCC_PREPROCESSOR_DEFINITIONS = (
					"DEBUG=1",
					"$(inherited)",
				);
				GCC_WARN_64_TO_32_BIT_CONVERSION = YES;
				GCC_WARN_ABOUT_RETURN_TYPE = YES_ERROR;
				GCC_WARN_UNDECLARED_SELECTOR = YES;
				GCC_WARN_UNINITIALIZED_AUTOS = YES_AGGRESSIVE;
				GCC_WARN_UNUSED_FUNCTION = YES;
				GCC_WARN_UNUSED_VARIABLE = YES;
				MTL_ENABLE_DEBUG_INFO = YES;
				ONLY_ACTIVE_ARCH = YES;
				PRODUCT_NAME = "$(TARGET_NAME)";
			};
			name = Debug;
		};
		9E8A4C39CD566FED80575656 /* Release */ = {
			isa = XCBuildConfiguration;
			buildSettings = {
				ALWAYS_SEARCH_USER_PATHS = NO;
				CLANG_ANALYZER_LOCALIZABILITY_NONLOCALIZED = YES;
				CLANG_ANALYZER_NONNULL = YES;
				CLANG_ANALYZER_NUMBER_OBJECT_CONVERSION = YES_AGGRESSIVE;
				CLANG_CXX_LANGUAGE_STANDARD = "gnu++14";
				CLANG_CXX_LIBRARY = "libc++";
				CLANG_ENABLE_MODULES = YES;
				CLANG_ENABLE_OBJC_ARC = YES;
				CLANG_ENABLE_OBJC_WEAK = YES;
				CLANG_WARN_BLOCK_CAPTURE_AUTORELEASING = YES;
				CLANG_WARN_BOOL_CONVERSION = YES;
				CLANG_WARN_COMMA = YES;
				CLANG_WARN_CONSTANT_CONVERSION = YES;
				CLANG_WARN_DEPRECATED_OBJC_IMPLEMENTATIONS = YES;
				CLANG_WARN_DIRECT_OBJC_ISA_USAGE = YES_ERROR;
				CLANG_WARN_DOCUMENTATION_COMMENTS = YES;
				CLANG_WARN_EMPTY_BODY = YES;
				CLANG_WARN_ENUM_CONVERSION = YES;
				CLANG_WARN_INFINITE_RECURSION = YES;
				CLANG_WARN_INT_CONVERSION = YES;
				CLANG_WARN_NON_LITERAL_NULL_CONVERSION = YES;
				CLANG_WARN_OBJC_IMPLICIT_RETAIN_SELF = YES;
				CLANG_WARN_OBJC_LITERAL_CONVERSION = YES;
				CLANG_WARN_OBJC_ROOT_CLASS = YES_ERROR;
				CLANG_WARN_QUOTED_INCLUDE_IN_FRAMEWORK_HEADER = YES;
				CLANG_WARN_RANGE_LOOP_ANALYSIS = YES;
				CLANG_WARN_STRICT_PROTOTYPES = YES;
				CLANG_WARN_SUSPICIOUS_MOVE = YES;
				CLANG_WARN_UNGUARDED_AVAILABILITY = YES_AGGRESSIVE;
				CLANG_WARN_UNREACHABLE_CODE = YES;
				CLANG_WARN__DUPLICATE_METHOD_MATCH = YES;
				COPY_PHASE_STRIP = NO;
				DEAD_CODE_STRIPPING = YES;
				DEBUG_INFORMATION_FORMAT = "dwarf-with-dsym";
				ENABLE_NS_ASSERTIONS = NO;
				ENABLE_STRICT_OBJC_MSGSEND = YES;
				GCC_C_LANGUAGE_STANDARD = gnu11;
				GCC_NO_COMMON_BLOCKS = YES;
				GCC_WARN_64_TO_32_BIT_CONVERSION = YES;
				GCC_WARN_ABOUT_RETURN_TYPE = YES_ERROR;
				GCC_WARN_UNDECLARED_SELECTOR = YES;
				GCC_WARN_UNINITIALIZED_AUTOS = YES_AGGRESSIVE;
				GCC_WARN_UNUSED_FUNCTION = YES;
				GCC_WARN_UNUSED_VARIABLE = YES;
				MTL_ENABLE_DEBUG_INFO = NO;
				PRODUCT_NAME = "$(TARGET_NAME)";
				VALIDATE_PRODUCT = YES;
			};
			name = Release;
		};
		B759F1C0C77674F6323102A0 /* Release */ = {
			isa = XCBuildConfiguration;
			buildSettings = {
				CODE_SIGN_IDENTITY = "iPhone Developer";
				INFOPLIST_FILE = "Derived/InfoPlists/FilterBottomSheetTests-Info.plist";
				IPHONEOS_DEPLOYMENT_TARGET = 15.0;
				LD_RUNPATH_SEARCH_PATHS = (
					"$(inherited)",
					"@executable_path/Frameworks",
					"@loader_path/Frameworks",
				);
				PRODUCT_BUNDLE_IDENTIFIER = polzzak.module.FilterBottomSheetTests;
				PRODUCT_NAME = FilterBottomSheetTests;
				SDKROOT = iphoneos;
				SUPPORTS_MACCATALYST = NO;
				SWIFT_COMPILATION_MODE = wholemodule;
				SWIFT_OPTIMIZATION_LEVEL = "-Owholemodule";
				SWIFT_VERSION = 5.0;
				TARGETED_DEVICE_FAMILY = 1;
			};
			name = Release;
		};
		DF1755061FECDC33BD9C54C0 /* Release */ = {
			isa = XCBuildConfiguration;
			buildSettings = {
				CODE_SIGN_IDENTITY = "iPhone Developer";
				INFOPLIST_FILE = "Derived/InfoPlists/FilterBottomSheetDemoAppUITests-Info.plist";
				IPHONEOS_DEPLOYMENT_TARGET = 15.0;
				LD_RUNPATH_SEARCH_PATHS = (
					"$(inherited)",
					"@executable_path/Frameworks",
					"@loader_path/Frameworks",
				);
				PRODUCT_BUNDLE_IDENTIFIER = polzzak.demo.FilterBottomSheetDemoApp.UITests;
				PRODUCT_NAME = FilterBottomSheetDemoAppUITests;
				SDKROOT = iphoneos;
				SUPPORTS_MACCATALYST = NO;
				SWIFT_COMPILATION_MODE = wholemodule;
				SWIFT_OPTIMIZATION_LEVEL = "-Owholemodule";
				SWIFT_VERSION = 5.0;
				TARGETED_DEVICE_FAMILY = 1;
				TEST_TARGET_NAME = FilterBottomSheetDemoApp;
			};
			name = Release;
		};
		E73E52CB45D379F13BD8FF30 /* Debug */ = {
			isa = XCBuildConfiguration;
			buildSettings = {
				ASSETCATALOG_COMPILER_APPICON_NAME = AppIcon;
				CODE_SIGN_IDENTITY = "iPhone Developer";
				ENABLE_PREVIEWS = YES;
				INFOPLIST_FILE = Config/Info.plist;
				IPHONEOS_DEPLOYMENT_TARGET = 15.0;
				LD_RUNPATH_SEARCH_PATHS = (
					"$(inherited)",
					"@executable_path/Frameworks",
				);
				PRODUCT_BUNDLE_IDENTIFIER = polzzak.demo.FilterBottomSheetDemoApp;
				PRODUCT_NAME = FilterBottomSheetDemoApp;
				SDKROOT = iphoneos;
				SUPPORTS_MACCATALYST = NO;
				SWIFT_ACTIVE_COMPILATION_CONDITIONS = DEBUG;
				SWIFT_COMPILATION_MODE = singlefile;
				SWIFT_OPTIMIZATION_LEVEL = "-Onone";
				SWIFT_VERSION = 5.0;
				TARGETED_DEVICE_FAMILY = 1;
			};
			name = Debug;
		};
/* End XCBuildConfiguration section */

/* Begin XCConfigurationList section */
		062F2DC0728C444B4556E101 /* Build configuration list for PBXNativeTarget "FilterBottomSheetDemoApp" */ = {
			isa = XCConfigurationList;
			buildConfigurations = (
				E73E52CB45D379F13BD8FF30 /* Debug */,
				6F646CC7ED09BE3CFA7A11F2 /* Release */,
			);
			defaultConfigurationIsVisible = 0;
			defaultConfigurationName = Release;
		};
		2A9D3FF4FFEA0A5AFBB44A2A /* Build configuration list for PBXProject "FilterBottomSheet" */ = {
			isa = XCConfigurationList;
			buildConfigurations = (
				96657FE5458C1866C5778776 /* Debug */,
				9E8A4C39CD566FED80575656 /* Release */,
			);
			defaultConfigurationIsVisible = 0;
			defaultConfigurationName = Release;
		};
		54CB73E917CF1E03F4461616 /* Build configuration list for PBXNativeTarget "FilterBottomSheetDemoAppUITests" */ = {
			isa = XCConfigurationList;
			buildConfigurations = (
				948172ADD1C74A5DCDDFA9C5 /* Debug */,
				DF1755061FECDC33BD9C54C0 /* Release */,
			);
			defaultConfigurationIsVisible = 0;
			defaultConfigurationName = Release;
		};
		59763348E21875CA9C3C2C28 /* Build configuration list for PBXNativeTarget "FilterBottomSheet" */ = {
			isa = XCConfigurationList;
			buildConfigurations = (
				12CEFC1FBF6491BBA524B8F9 /* Debug */,
				18E2B602F23E056C1272F92F /* Release */,
			);
			defaultConfigurationIsVisible = 0;
			defaultConfigurationName = Release;
		};
		9949D7F76F48697A8498161C /* Build configuration list for PBXNativeTarget "FilterBottomSheetTests" */ = {
			isa = XCConfigurationList;
			buildConfigurations = (
				653EA0C14F157C9584FB2BDD /* Debug */,
				B759F1C0C77674F6323102A0 /* Release */,
			);
			defaultConfigurationIsVisible = 0;
			defaultConfigurationName = Release;
		};
/* End XCConfigurationList section */

/* Begin XCRemoteSwiftPackageReference section */
		7DEDA1AEA02090E499A49E26 /* XCRemoteSwiftPackageReference "Nimble" */ = {
			isa = XCRemoteSwiftPackageReference;
			repositoryURL = "https://github.com/Quick/Nimble";
			requirement = {
				kind = upToNextMajorVersion;
				minimumVersion = 12.0.0;
			};
		};
		AF3302F60E388C671F95A657 /* XCRemoteSwiftPackageReference "SnapKit" */ = {
			isa = XCRemoteSwiftPackageReference;
			repositoryURL = "https://github.com/SnapKit/SnapKit";
			requirement = {
				kind = upToNextMajorVersion;
				minimumVersion = 5.0.0;
			};
		};
/* End XCRemoteSwiftPackageReference section */

/* Begin XCSwiftPackageProductDependency section */
		553CC5087E51ABFFDC22B44E /* Nimble */ = {
			isa = XCSwiftPackageProductDependency;
			productName = Nimble;
		};
		5725C2308AED62BE68E7BB57 /* Nimble */ = {
			isa = XCSwiftPackageProductDependency;
			productName = Nimble;
		};
		D447E6C443193591B018F14F /* SnapKit */ = {
			isa = XCSwiftPackageProductDependency;
			productName = SnapKit;
		};
/* End XCSwiftPackageProductDependency section */
	};
	rootObject = 8D8043B2484A9542813F6925 /* Project object */;
}
